
Microsoft Visual Studio Solution File, Format Version 12.00
# Visual Studio 14
VisualStudioVersion = 14.0.25420.1
MinimumVisualStudioVersion = 10.0.40219.1
Project("{FAE04EC0-301F-11D3-BF4B-00C04F79EFBC}") = "FanaticFirefly.Droid", "FanaticFirefly\FanaticFirefly.Droid\FanaticFirefly.Droid.csproj", "{0407E00E-D251-4AB0-9FCF-CDC86E2E4DC4}"
EndProject
Project("{FAE04EC0-301F-11D3-BF4B-00C04F79EFBC}") = "FanaticFirefly.iOS", "FanaticFirefly\FanaticFirefly.iOS\FanaticFirefly.iOS.csproj", "{AAE874A2-FF51-4A47-9F10-08FD1F631EC5}"
EndProject
Project("{FAE04EC0-301F-11D3-BF4B-00C04F79EFBC}") = "FanaticFirefly.WinPhone", "FanaticFirefly\FanaticFirefly.WinPhone\FanaticFirefly.WinPhone.csproj", "{569A9845-E0FD-4207-A1B7-2B9ADD8BB31D}"
EndProject
Project("{FAE04EC0-301F-11D3-BF4B-00C04F79EFBC}") = "FanaticFirefly.UWP", "FanaticFirefly\FanaticFirefly.UWP\FanaticFirefly.UWP.csproj", "{3331BBD5-93AC-46CB-A661-4EDFD9F5240F}"
EndProject
Project("{FAE04EC0-301F-11D3-BF4B-00C04F79EFBC}") = "FanaticFirefly.Windows", "FanaticFirefly\FanaticFirefly.Windows\FanaticFirefly.Windows.csproj", "{2E4970DE-C0E6-47B7-AA80-700C1AAFF5FD}"
EndProject
Project("{FAE04EC0-301F-11D3-BF4B-00C04F79EFBC}") = "FanaticFirefly", "FanaticFirefly\FanaticFirefly\FanaticFirefly.csproj", "{6E6D98D0-249E-4BE2-8893-05A6FCC2B814}"
EndProject
Global
	GlobalSection(SolutionConfigurationPlatforms) = preSolution
		Ad-Hoc|Any CPU = Ad-Hoc|Any CPU
		Ad-Hoc|ARM = Ad-Hoc|ARM
		Ad-Hoc|iPhone = Ad-Hoc|iPhone
		Ad-Hoc|iPhoneSimulator = Ad-Hoc|iPhoneSimulator
		Ad-Hoc|x64 = Ad-Hoc|x64
		Ad-Hoc|x86 = Ad-Hoc|x86
		AppStore|Any CPU = AppStore|Any CPU
		AppStore|ARM = AppStore|ARM
		AppStore|iPhone = AppStore|iPhone
		AppStore|iPhoneSimulator = AppStore|iPhoneSimulator
		AppStore|x64 = AppStore|x64
		AppStore|x86 = AppStore|x86
		Debug|Any CPU = Debug|Any CPU
		Debug|ARM = Debug|ARM
		Debug|iPhone = Debug|iPhone
		Debug|iPhoneSimulator = Debug|iPhoneSimulator
		Debug|x64 = Debug|x64
		Debug|x86 = Debug|x86
		Release|Any CPU = Release|Any CPU
		Release|ARM = Release|ARM
		Release|iPhone = Release|iPhone
		Release|iPhoneSimulator = Release|iPhoneSimulator
		Release|x64 = Release|x64
		Release|x86 = Release|x86
	EndGlobalSection
	GlobalSection(ProjectConfigurationPlatforms) = postSolution
		{0407E00E-D251-4AB0-9FCF-CDC86E2E4DC4}.Ad-Hoc|Any CPU.ActiveCfg = Release|Any CPU
		{0407E00E-D251-4AB0-9FCF-CDC86E2E4DC4}.Ad-Hoc|Any CPU.Build.0 = Release|Any CPU
		{0407E00E-D251-4AB0-9FCF-CDC86E2E4DC4}.Ad-Hoc|Any CPU.Deploy.0 = Release|Any CPU
		{0407E00E-D251-4AB0-9FCF-CDC86E2E4DC4}.Ad-Hoc|ARM.ActiveCfg = Release|Any CPU
		{0407E00E-D251-4AB0-9FCF-CDC86E2E4DC4}.Ad-Hoc|ARM.Build.0 = Release|Any CPU
		{0407E00E-D251-4AB0-9FCF-CDC86E2E4DC4}.Ad-Hoc|ARM.Deploy.0 = Release|Any CPU
		{0407E00E-D251-4AB0-9FCF-CDC86E2E4DC4}.Ad-Hoc|iPhone.ActiveCfg = Release|Any CPU
		{0407E00E-D251-4AB0-9FCF-CDC86E2E4DC4}.Ad-Hoc|iPhone.Build.0 = Release|Any CPU
		{0407E00E-D251-4AB0-9FCF-CDC86E2E4DC4}.Ad-Hoc|iPhone.Deploy.0 = Release|Any CPU
		{0407E00E-D251-4AB0-9FCF-CDC86E2E4DC4}.Ad-Hoc|iPhoneSimulator.ActiveCfg = Release|Any CPU
		{0407E00E-D251-4AB0-9FCF-CDC86E2E4DC4}.Ad-Hoc|iPhoneSimulator.Build.0 = Release|Any CPU
		{0407E00E-D251-4AB0-9FCF-CDC86E2E4DC4}.Ad-Hoc|iPhoneSimulator.Deploy.0 = Release|Any CPU
		{0407E00E-D251-4AB0-9FCF-CDC86E2E4DC4}.Ad-Hoc|x64.ActiveCfg = Release|Any CPU
		{0407E00E-D251-4AB0-9FCF-CDC86E2E4DC4}.Ad-Hoc|x64.Build.0 = Release|Any CPU
		{0407E00E-D251-4AB0-9FCF-CDC86E2E4DC4}.Ad-Hoc|x64.Deploy.0 = Release|Any CPU
		{0407E00E-D251-4AB0-9FCF-CDC86E2E4DC4}.Ad-Hoc|x86.ActiveCfg = Release|Any CPU
		{0407E00E-D251-4AB0-9FCF-CDC86E2E4DC4}.Ad-Hoc|x86.Build.0 = Release|Any CPU
		{0407E00E-D251-4AB0-9FCF-CDC86E2E4DC4}.Ad-Hoc|x86.Deploy.0 = Release|Any CPU
		{0407E00E-D251-4AB0-9FCF-CDC86E2E4DC4}.AppStore|Any CPU.ActiveCfg = Release|Any CPU
		{0407E00E-D251-4AB0-9FCF-CDC86E2E4DC4}.AppStore|Any CPU.Build.0 = Release|Any CPU
		{0407E00E-D251-4AB0-9FCF-CDC86E2E4DC4}.AppStore|Any CPU.Deploy.0 = Release|Any CPU
		{0407E00E-D251-4AB0-9FCF-CDC86E2E4DC4}.AppStore|ARM.ActiveCfg = Release|Any CPU
		{0407E00E-D251-4AB0-9FCF-CDC86E2E4DC4}.AppStore|ARM.Build.0 = Release|Any CPU
		{0407E00E-D251-4AB0-9FCF-CDC86E2E4DC4}.AppStore|ARM.Deploy.0 = Release|Any CPU
		{0407E00E-D251-4AB0-9FCF-CDC86E2E4DC4}.AppStore|iPhone.ActiveCfg = Release|Any CPU
		{0407E00E-D251-4AB0-9FCF-CDC86E2E4DC4}.AppStore|iPhone.Build.0 = Release|Any CPU
		{0407E00E-D251-4AB0-9FCF-CDC86E2E4DC4}.AppStore|iPhone.Deploy.0 = Release|Any CPU
		{0407E00E-D251-4AB0-9FCF-CDC86E2E4DC4}.AppStore|iPhoneSimulator.ActiveCfg = Release|Any CPU
		{0407E00E-D251-4AB0-9FCF-CDC86E2E4DC4}.AppStore|iPhoneSimulator.Build.0 = Release|Any CPU
		{0407E00E-D251-4AB0-9FCF-CDC86E2E4DC4}.AppStore|iPhoneSimulator.Deploy.0 = Release|Any CPU
		{0407E00E-D251-4AB0-9FCF-CDC86E2E4DC4}.AppStore|x64.ActiveCfg = Release|Any CPU
		{0407E00E-D251-4AB0-9FCF-CDC86E2E4DC4}.AppStore|x64.Build.0 = Release|Any CPU
		{0407E00E-D251-4AB0-9FCF-CDC86E2E4DC4}.AppStore|x64.Deploy.0 = Release|Any CPU
		{0407E00E-D251-4AB0-9FCF-CDC86E2E4DC4}.AppStore|x86.ActiveCfg = Release|Any CPU
		{0407E00E-D251-4AB0-9FCF-CDC86E2E4DC4}.AppStore|x86.Build.0 = Release|Any CPU
		{0407E00E-D251-4AB0-9FCF-CDC86E2E4DC4}.AppStore|x86.Deploy.0 = Release|Any CPU
		{0407E00E-D251-4AB0-9FCF-CDC86E2E4DC4}.Debug|Any CPU.ActiveCfg = Debug|Any CPU
		{0407E00E-D251-4AB0-9FCF-CDC86E2E4DC4}.Debug|Any CPU.Build.0 = Debug|Any CPU
		{0407E00E-D251-4AB0-9FCF-CDC86E2E4DC4}.Debug|Any CPU.Deploy.0 = Debug|Any CPU
		{0407E00E-D251-4AB0-9FCF-CDC86E2E4DC4}.Debug|ARM.ActiveCfg = Debug|Any CPU
		{0407E00E-D251-4AB0-9FCF-CDC86E2E4DC4}.Debug|ARM.Build.0 = Debug|Any CPU
		{0407E00E-D251-4AB0-9FCF-CDC86E2E4DC4}.Debug|ARM.Deploy.0 = Debug|Any CPU
		{0407E00E-D251-4AB0-9FCF-CDC86E2E4DC4}.Debug|iPhone.ActiveCfg = Debug|Any CPU
		{0407E00E-D251-4AB0-9FCF-CDC86E2E4DC4}.Debug|iPhone.Build.0 = Debug|Any CPU
		{0407E00E-D251-4AB0-9FCF-CDC86E2E4DC4}.Debug|iPhone.Deploy.0 = Debug|Any CPU
		{0407E00E-D251-4AB0-9FCF-CDC86E2E4DC4}.Debug|iPhoneSimulator.ActiveCfg = Debug|Any CPU
		{0407E00E-D251-4AB0-9FCF-CDC86E2E4DC4}.Debug|iPhoneSimulator.Build.0 = Debug|Any CPU
		{0407E00E-D251-4AB0-9FCF-CDC86E2E4DC4}.Debug|iPhoneSimulator.Deploy.0 = Debug|Any CPU
		{0407E00E-D251-4AB0-9FCF-CDC86E2E4DC4}.Debug|x64.ActiveCfg = Debug|Any CPU
		{0407E00E-D251-4AB0-9FCF-CDC86E2E4DC4}.Debug|x64.Build.0 = Debug|Any CPU
		{0407E00E-D251-4AB0-9FCF-CDC86E2E4DC4}.Debug|x64.Deploy.0 = Debug|Any CPU
		{0407E00E-D251-4AB0-9FCF-CDC86E2E4DC4}.Debug|x86.ActiveCfg = Debug|Any CPU
		{0407E00E-D251-4AB0-9FCF-CDC86E2E4DC4}.Debug|x86.Build.0 = Debug|Any CPU
		{0407E00E-D251-4AB0-9FCF-CDC86E2E4DC4}.Debug|x86.Deploy.0 = Debug|Any CPU
		{0407E00E-D251-4AB0-9FCF-CDC86E2E4DC4}.Release|Any CPU.ActiveCfg = Release|Any CPU
		{0407E00E-D251-4AB0-9FCF-CDC86E2E4DC4}.Release|Any CPU.Build.0 = Release|Any CPU
		{0407E00E-D251-4AB0-9FCF-CDC86E2E4DC4}.Release|Any CPU.Deploy.0 = Release|Any CPU
		{0407E00E-D251-4AB0-9FCF-CDC86E2E4DC4}.Release|ARM.ActiveCfg = Release|Any CPU
		{0407E00E-D251-4AB0-9FCF-CDC86E2E4DC4}.Release|ARM.Build.0 = Release|Any CPU
		{0407E00E-D251-4AB0-9FCF-CDC86E2E4DC4}.Release|ARM.Deploy.0 = Release|Any CPU
		{0407E00E-D251-4AB0-9FCF-CDC86E2E4DC4}.Release|iPhone.ActiveCfg = Release|Any CPU
		{0407E00E-D251-4AB0-9FCF-CDC86E2E4DC4}.Release|iPhone.Build.0 = Release|Any CPU
		{0407E00E-D251-4AB0-9FCF-CDC86E2E4DC4}.Release|iPhone.Deploy.0 = Release|Any CPU
		{0407E00E-D251-4AB0-9FCF-CDC86E2E4DC4}.Release|iPhoneSimulator.ActiveCfg = Release|Any CPU
		{0407E00E-D251-4AB0-9FCF-CDC86E2E4DC4}.Release|iPhoneSimulator.Build.0 = Release|Any CPU
		{0407E00E-D251-4AB0-9FCF-CDC86E2E4DC4}.Release|iPhoneSimulator.Deploy.0 = Release|Any CPU
		{0407E00E-D251-4AB0-9FCF-CDC86E2E4DC4}.Release|x64.ActiveCfg = Release|Any CPU
		{0407E00E-D251-4AB0-9FCF-CDC86E2E4DC4}.Release|x64.Build.0 = Release|Any CPU
		{0407E00E-D251-4AB0-9FCF-CDC86E2E4DC4}.Release|x64.Deploy.0 = Release|Any CPU
		{0407E00E-D251-4AB0-9FCF-CDC86E2E4DC4}.Release|x86.ActiveCfg = Release|Any CPU
		{0407E00E-D251-4AB0-9FCF-CDC86E2E4DC4}.Release|x86.Build.0 = Release|Any CPU
		{0407E00E-D251-4AB0-9FCF-CDC86E2E4DC4}.Release|x86.Deploy.0 = Release|Any CPU
		{AAE874A2-FF51-4A47-9F10-08FD1F631EC5}.Ad-Hoc|Any CPU.ActiveCfg = Ad-Hoc|iPhone
		{AAE874A2-FF51-4A47-9F10-08FD1F631EC5}.Ad-Hoc|ARM.ActiveCfg = Ad-Hoc|iPhone
		{AAE874A2-FF51-4A47-9F10-08FD1F631EC5}.Ad-Hoc|iPhone.ActiveCfg = Ad-Hoc|iPhone
		{AAE874A2-FF51-4A47-9F10-08FD1F631EC5}.Ad-Hoc|iPhone.Build.0 = Ad-Hoc|iPhone
		{AAE874A2-FF51-4A47-9F10-08FD1F631EC5}.Ad-Hoc|iPhoneSimulator.ActiveCfg = Ad-Hoc|iPhoneSimulator
		{AAE874A2-FF51-4A47-9F10-08FD1F631EC5}.Ad-Hoc|iPhoneSimulator.Build.0 = Ad-Hoc|iPhoneSimulator
		{AAE874A2-FF51-4A47-9F10-08FD1F631EC5}.Ad-Hoc|x64.ActiveCfg = Ad-Hoc|iPhone
		{AAE874A2-FF51-4A47-9F10-08FD1F631EC5}.Ad-Hoc|x86.ActiveCfg = Ad-Hoc|iPhone
		{AAE874A2-FF51-4A47-9F10-08FD1F631EC5}.AppStore|Any CPU.ActiveCfg = AppStore|iPhone
		{AAE874A2-FF51-4A47-9F10-08FD1F631EC5}.AppStore|ARM.ActiveCfg = AppStore|iPhone
		{AAE874A2-FF51-4A47-9F10-08FD1F631EC5}.AppStore|iPhone.ActiveCfg = AppStore|iPhone
		{AAE874A2-FF51-4A47-9F10-08FD1F631EC5}.AppStore|iPhone.Build.0 = AppStore|iPhone
		{AAE874A2-FF51-4A47-9F10-08FD1F631EC5}.AppStore|iPhoneSimulator.ActiveCfg = AppStore|iPhoneSimulator
		{AAE874A2-FF51-4A47-9F10-08FD1F631EC5}.AppStore|iPhoneSimulator.Build.0 = AppStore|iPhoneSimulator
		{AAE874A2-FF51-4A47-9F10-08FD1F631EC5}.AppStore|x64.ActiveCfg = AppStore|iPhone
		{AAE874A2-FF51-4A47-9F10-08FD1F631EC5}.AppStore|x86.ActiveCfg = AppStore|iPhone
		{AAE874A2-FF51-4A47-9F10-08FD1F631EC5}.Debug|Any CPU.ActiveCfg = Debug|iPhone
		{AAE874A2-FF51-4A47-9F10-08FD1F631EC5}.Debug|ARM.ActiveCfg = Debug|iPhone
		{AAE874A2-FF51-4A47-9F10-08FD1F631EC5}.Debug|iPhone.ActiveCfg = Debug|iPhone
		{AAE874A2-FF51-4A47-9F10-08FD1F631EC5}.Debug|iPhone.Build.0 = Debug|iPhone
		{AAE874A2-FF51-4A47-9F10-08FD1F631EC5}.Debug|iPhoneSimulator.ActiveCfg = Debug|iPhoneSimulator
		{AAE874A2-FF51-4A47-9F10-08FD1F631EC5}.Debug|iPhoneSimulator.Build.0 = Debug|iPhoneSimulator
		{AAE874A2-FF51-4A47-9F10-08FD1F631EC5}.Debug|x64.ActiveCfg = Debug|iPhone
		{AAE874A2-FF51-4A47-9F10-08FD1F631EC5}.Debug|x86.ActiveCfg = Debug|iPhone
		{AAE874A2-FF51-4A47-9F10-08FD1F631EC5}.Release|Any CPU.ActiveCfg = Release|iPhone
		{AAE874A2-FF51-4A47-9F10-08FD1F631EC5}.Release|ARM.ActiveCfg = Release|iPhone
		{AAE874A2-FF51-4A47-9F10-08FD1F631EC5}.Release|iPhone.ActiveCfg = Release|iPhone
		{AAE874A2-FF51-4A47-9F10-08FD1F631EC5}.Release|iPhone.Build.0 = Release|iPhone
		{AAE874A2-FF51-4A47-9F10-08FD1F631EC5}.Release|iPhoneSimulator.ActiveCfg = Release|iPhoneSimulator
		{AAE874A2-FF51-4A47-9F10-08FD1F631EC5}.Release|iPhoneSimulator.Build.0 = Release|iPhoneSimulator
		{AAE874A2-FF51-4A47-9F10-08FD1F631EC5}.Release|x64.ActiveCfg = Release|iPhone
		{AAE874A2-FF51-4A47-9F10-08FD1F631EC5}.Release|x86.ActiveCfg = Release|iPhone
		{569A9845-E0FD-4207-A1B7-2B9ADD8BB31D}.Ad-Hoc|Any CPU.ActiveCfg = Release|Any CPU
		{569A9845-E0FD-4207-A1B7-2B9ADD8BB31D}.Ad-Hoc|Any CPU.Build.0 = Release|Any CPU
		{569A9845-E0FD-4207-A1B7-2B9ADD8BB31D}.Ad-Hoc|Any CPU.Deploy.0 = Release|Any CPU
		{569A9845-E0FD-4207-A1B7-2B9ADD8BB31D}.Ad-Hoc|ARM.ActiveCfg = Release|ARM
		{569A9845-E0FD-4207-A1B7-2B9ADD8BB31D}.Ad-Hoc|ARM.Build.0 = Release|ARM
		{569A9845-E0FD-4207-A1B7-2B9ADD8BB31D}.Ad-Hoc|ARM.Deploy.0 = Release|ARM
		{569A9845-E0FD-4207-A1B7-2B9ADD8BB31D}.Ad-Hoc|iPhone.ActiveCfg = Release|Any CPU
		{569A9845-E0FD-4207-A1B7-2B9ADD8BB31D}.Ad-Hoc|iPhone.Build.0 = Release|Any CPU
		{569A9845-E0FD-4207-A1B7-2B9ADD8BB31D}.Ad-Hoc|iPhone.Deploy.0 = Release|Any CPU
		{569A9845-E0FD-4207-A1B7-2B9ADD8BB31D}.Ad-Hoc|iPhoneSimulator.ActiveCfg = Release|Any CPU
		{569A9845-E0FD-4207-A1B7-2B9ADD8BB31D}.Ad-Hoc|iPhoneSimulator.Build.0 = Release|Any CPU
		{569A9845-E0FD-4207-A1B7-2B9ADD8BB31D}.Ad-Hoc|iPhoneSimulator.Deploy.0 = Release|Any CPU
		{569A9845-E0FD-4207-A1B7-2B9ADD8BB31D}.Ad-Hoc|x64.ActiveCfg = Release|Any CPU
		{569A9845-E0FD-4207-A1B7-2B9ADD8BB31D}.Ad-Hoc|x64.Build.0 = Release|Any CPU
		{569A9845-E0FD-4207-A1B7-2B9ADD8BB31D}.Ad-Hoc|x64.Deploy.0 = Release|Any CPU
		{569A9845-E0FD-4207-A1B7-2B9ADD8BB31D}.Ad-Hoc|x86.ActiveCfg = Release|x86
		{569A9845-E0FD-4207-A1B7-2B9ADD8BB31D}.Ad-Hoc|x86.Build.0 = Release|x86
		{569A9845-E0FD-4207-A1B7-2B9ADD8BB31D}.Ad-Hoc|x86.Deploy.0 = Release|x86
		{569A9845-E0FD-4207-A1B7-2B9ADD8BB31D}.AppStore|Any CPU.ActiveCfg = Release|Any CPU
		{569A9845-E0FD-4207-A1B7-2B9ADD8BB31D}.AppStore|Any CPU.Build.0 = Release|Any CPU
		{569A9845-E0FD-4207-A1B7-2B9ADD8BB31D}.AppStore|Any CPU.Deploy.0 = Release|Any CPU
		{569A9845-E0FD-4207-A1B7-2B9ADD8BB31D}.AppStore|ARM.ActiveCfg = Release|ARM
		{569A9845-E0FD-4207-A1B7-2B9ADD8BB31D}.AppStore|ARM.Build.0 = Release|ARM
		{569A9845-E0FD-4207-A1B7-2B9ADD8BB31D}.AppStore|ARM.Deploy.0 = Release|ARM
		{569A9845-E0FD-4207-A1B7-2B9ADD8BB31D}.AppStore|iPhone.ActiveCfg = Release|Any CPU
		{569A9845-E0FD-4207-A1B7-2B9ADD8BB31D}.AppStore|iPhone.Build.0 = Release|Any CPU
		{569A9845-E0FD-4207-A1B7-2B9ADD8BB31D}.AppStore|iPhone.Deploy.0 = Release|Any CPU
		{569A9845-E0FD-4207-A1B7-2B9ADD8BB31D}.AppStore|iPhoneSimulator.ActiveCfg = Release|Any CPU
		{569A9845-E0FD-4207-A1B7-2B9ADD8BB31D}.AppStore|iPhoneSimulator.Build.0 = Release|Any CPU
		{569A9845-E0FD-4207-A1B7-2B9ADD8BB31D}.AppStore|iPhoneSimulator.Deploy.0 = Release|Any CPU
		{569A9845-E0FD-4207-A1B7-2B9ADD8BB31D}.AppStore|x64.ActiveCfg = Release|Any CPU
		{569A9845-E0FD-4207-A1B7-2B9ADD8BB31D}.AppStore|x64.Build.0 = Release|Any CPU
		{569A9845-E0FD-4207-A1B7-2B9ADD8BB31D}.AppStore|x64.Deploy.0 = Release|Any CPU
		{569A9845-E0FD-4207-A1B7-2B9ADD8BB31D}.AppStore|x86.ActiveCfg = Release|x86
		{569A9845-E0FD-4207-A1B7-2B9ADD8BB31D}.AppStore|x86.Build.0 = Release|x86
		{569A9845-E0FD-4207-A1B7-2B9ADD8BB31D}.AppStore|x86.Deploy.0 = Release|x86
		{569A9845-E0FD-4207-A1B7-2B9ADD8BB31D}.Debug|Any CPU.ActiveCfg = Debug|Any CPU
		{569A9845-E0FD-4207-A1B7-2B9ADD8BB31D}.Debug|Any CPU.Build.0 = Debug|Any CPU
		{569A9845-E0FD-4207-A1B7-2B9ADD8BB31D}.Debug|Any CPU.Deploy.0 = Debug|Any CPU
		{569A9845-E0FD-4207-A1B7-2B9ADD8BB31D}.Debug|ARM.ActiveCfg = Debug|ARM
		{569A9845-E0FD-4207-A1B7-2B9ADD8BB31D}.Debug|ARM.Build.0 = Debug|ARM
		{569A9845-E0FD-4207-A1B7-2B9ADD8BB31D}.Debug|ARM.Deploy.0 = Debug|ARM
		{569A9845-E0FD-4207-A1B7-2B9ADD8BB31D}.Debug|iPhone.ActiveCfg = Debug|Any CPU
		{569A9845-E0FD-4207-A1B7-2B9ADD8BB31D}.Debug|iPhone.Build.0 = Debug|Any CPU
		{569A9845-E0FD-4207-A1B7-2B9ADD8BB31D}.Debug|iPhone.Deploy.0 = Debug|Any CPU
		{569A9845-E0FD-4207-A1B7-2B9ADD8BB31D}.Debug|iPhoneSimulator.ActiveCfg = Debug|Any CPU
		{569A9845-E0FD-4207-A1B7-2B9ADD8BB31D}.Debug|iPhoneSimulator.Build.0 = Debug|Any CPU
		{569A9845-E0FD-4207-A1B7-2B9ADD8BB31D}.Debug|iPhoneSimulator.Deploy.0 = Debug|Any CPU
		{569A9845-E0FD-4207-A1B7-2B9ADD8BB31D}.Debug|x64.ActiveCfg = Debug|Any CPU
		{569A9845-E0FD-4207-A1B7-2B9ADD8BB31D}.Debug|x64.Build.0 = Debug|Any CPU
		{569A9845-E0FD-4207-A1B7-2B9ADD8BB31D}.Debug|x64.Deploy.0 = Debug|Any CPU
		{569A9845-E0FD-4207-A1B7-2B9ADD8BB31D}.Debug|x86.ActiveCfg = Debug|x86
		{569A9845-E0FD-4207-A1B7-2B9ADD8BB31D}.Debug|x86.Build.0 = Debug|x86
		{569A9845-E0FD-4207-A1B7-2B9ADD8BB31D}.Debug|x86.Deploy.0 = Debug|x86
		{569A9845-E0FD-4207-A1B7-2B9ADD8BB31D}.Release|Any CPU.ActiveCfg = Release|Any CPU
		{569A9845-E0FD-4207-A1B7-2B9ADD8BB31D}.Release|Any CPU.Build.0 = Release|Any CPU
		{569A9845-E0FD-4207-A1B7-2B9ADD8BB31D}.Release|Any CPU.Deploy.0 = Release|Any CPU
		{569A9845-E0FD-4207-A1B7-2B9ADD8BB31D}.Release|ARM.ActiveCfg = Release|ARM
		{569A9845-E0FD-4207-A1B7-2B9ADD8BB31D}.Release|ARM.Build.0 = Release|ARM
		{569A9845-E0FD-4207-A1B7-2B9ADD8BB31D}.Release|ARM.Deploy.0 = Release|ARM
		{569A9845-E0FD-4207-A1B7-2B9ADD8BB31D}.Release|iPhone.ActiveCfg = Release|Any CPU
		{569A9845-E0FD-4207-A1B7-2B9ADD8BB31D}.Release|iPhone.Build.0 = Release|Any CPU
		{569A9845-E0FD-4207-A1B7-2B9ADD8BB31D}.Release|iPhone.Deploy.0 = Release|Any CPU
		{569A9845-E0FD-4207-A1B7-2B9ADD8BB31D}.Release|iPhoneSimulator.ActiveCfg = Release|Any CPU
		{569A9845-E0FD-4207-A1B7-2B9ADD8BB31D}.Release|iPhoneSimulator.Build.0 = Release|Any CPU
		{569A9845-E0FD-4207-A1B7-2B9ADD8BB31D}.Release|iPhoneSimulator.Deploy.0 = Release|Any CPU
		{569A9845-E0FD-4207-A1B7-2B9ADD8BB31D}.Release|x64.ActiveCfg = Release|Any CPU
		{569A9845-E0FD-4207-A1B7-2B9ADD8BB31D}.Release|x64.Build.0 = Release|Any CPU
		{569A9845-E0FD-4207-A1B7-2B9ADD8BB31D}.Release|x64.Deploy.0 = Release|Any CPU
		{569A9845-E0FD-4207-A1B7-2B9ADD8BB31D}.Release|x86.ActiveCfg = Release|x86
		{569A9845-E0FD-4207-A1B7-2B9ADD8BB31D}.Release|x86.Build.0 = Release|x86
		{569A9845-E0FD-4207-A1B7-2B9ADD8BB31D}.Release|x86.Deploy.0 = Release|x86
		{3331BBD5-93AC-46CB-A661-4EDFD9F5240F}.Ad-Hoc|Any CPU.ActiveCfg = Release|x86
		{3331BBD5-93AC-46CB-A661-4EDFD9F5240F}.Ad-Hoc|Any CPU.Build.0 = Release|x86
		{3331BBD5-93AC-46CB-A661-4EDFD9F5240F}.Ad-Hoc|Any CPU.Deploy.0 = Release|x86
		{3331BBD5-93AC-46CB-A661-4EDFD9F5240F}.Ad-Hoc|ARM.ActiveCfg = Release|ARM
		{3331BBD5-93AC-46CB-A661-4EDFD9F5240F}.Ad-Hoc|ARM.Build.0 = Release|ARM
		{3331BBD5-93AC-46CB-A661-4EDFD9F5240F}.Ad-Hoc|ARM.Deploy.0 = Release|ARM
		{3331BBD5-93AC-46CB-A661-4EDFD9F5240F}.Ad-Hoc|iPhone.ActiveCfg = Release|x86
		{3331BBD5-93AC-46CB-A661-4EDFD9F5240F}.Ad-Hoc|iPhone.Build.0 = Release|x86
		{3331BBD5-93AC-46CB-A661-4EDFD9F5240F}.Ad-Hoc|iPhone.Deploy.0 = Release|x86
		{3331BBD5-93AC-46CB-A661-4EDFD9F5240F}.Ad-Hoc|iPhoneSimulator.ActiveCfg = Release|x86
		{3331BBD5-93AC-46CB-A661-4EDFD9F5240F}.Ad-Hoc|iPhoneSimulator.Build.0 = Release|x86
		{3331BBD5-93AC-46CB-A661-4EDFD9F5240F}.Ad-Hoc|iPhoneSimulator.Deploy.0 = Release|x86
		{3331BBD5-93AC-46CB-A661-4EDFD9F5240F}.Ad-Hoc|x64.ActiveCfg = Release|x64
		{3331BBD5-93AC-46CB-A661-4EDFD9F5240F}.Ad-Hoc|x64.Build.0 = Release|x64
		{3331BBD5-93AC-46CB-A661-4EDFD9F5240F}.Ad-Hoc|x64.Deploy.0 = Release|x64
		{3331BBD5-93AC-46CB-A661-4EDFD9F5240F}.Ad-Hoc|x86.ActiveCfg = Release|x86
		{3331BBD5-93AC-46CB-A661-4EDFD9F5240F}.Ad-Hoc|x86.Build.0 = Release|x86
		{3331BBD5-93AC-46CB-A661-4EDFD9F5240F}.Ad-Hoc|x86.Deploy.0 = Release|x86
		{3331BBD5-93AC-46CB-A661-4EDFD9F5240F}.AppStore|Any CPU.ActiveCfg = Release|x86
		{3331BBD5-93AC-46CB-A661-4EDFD9F5240F}.AppStore|Any CPU.Build.0 = Release|x86
		{3331BBD5-93AC-46CB-A661-4EDFD9F5240F}.AppStore|Any CPU.Deploy.0 = Release|x86
		{3331BBD5-93AC-46CB-A661-4EDFD9F5240F}.AppStore|ARM.ActiveCfg = Release|ARM
		{3331BBD5-93AC-46CB-A661-4EDFD9F5240F}.AppStore|ARM.Build.0 = Release|ARM
		{3331BBD5-93AC-46CB-A661-4EDFD9F5240F}.AppStore|ARM.Deploy.0 = Release|ARM
		{3331BBD5-93AC-46CB-A661-4EDFD9F5240F}.AppStore|iPhone.ActiveCfg = Release|x86
		{3331BBD5-93AC-46CB-A661-4EDFD9F5240F}.AppStore|iPhone.Build.0 = Release|x86
		{3331BBD5-93AC-46CB-A661-4EDFD9F5240F}.AppStore|iPhone.Deploy.0 = Release|x86
		{3331BBD5-93AC-46CB-A661-4EDFD9F5240F}.AppStore|iPhoneSimulator.ActiveCfg = Release|x86
		{3331BBD5-93AC-46CB-A661-4EDFD9F5240F}.AppStore|iPhoneSimulator.Build.0 = Release|x86
		{3331BBD5-93AC-46CB-A661-4EDFD9F5240F}.AppStore|iPhoneSimulator.Deploy.0 = Release|x86
		{3331BBD5-93AC-46CB-A661-4EDFD9F5240F}.AppStore|x64.ActiveCfg = Release|x64
		{3331BBD5-93AC-46CB-A661-4EDFD9F5240F}.AppStore|x64.Build.0 = Release|x64
		{3331BBD5-93AC-46CB-A661-4EDFD9F5240F}.AppStore|x64.Deploy.0 = Release|x64
		{3331BBD5-93AC-46CB-A661-4EDFD9F5240F}.AppStore|x86.ActiveCfg = Release|x86
		{3331BBD5-93AC-46CB-A661-4EDFD9F5240F}.AppStore|x86.Build.0 = Release|x86
		{3331BBD5-93AC-46CB-A661-4EDFD9F5240F}.AppStore|x86.Deploy.0 = Release|x86
		{3331BBD5-93AC-46CB-A661-4EDFD9F5240F}.Debug|Any CPU.ActiveCfg = Debug|x86
		{3331BBD5-93AC-46CB-A661-4EDFD9F5240F}.Debug|Any CPU.Build.0 = Debug|x86
		{3331BBD5-93AC-46CB-A661-4EDFD9F5240F}.Debug|ARM.ActiveCfg = Debug|ARM
		{3331BBD5-93AC-46CB-A661-4EDFD9F5240F}.Debug|ARM.Build.0 = Debug|ARM
		{3331BBD5-93AC-46CB-A661-4EDFD9F5240F}.Debug|ARM.Deploy.0 = Debug|ARM
		{3331BBD5-93AC-46CB-A661-4EDFD9F5240F}.Debug|iPhone.ActiveCfg = Debug|x86
		{3331BBD5-93AC-46CB-A661-4EDFD9F5240F}.Debug|iPhoneSimulator.ActiveCfg = Debug|x86
		{3331BBD5-93AC-46CB-A661-4EDFD9F5240F}.Debug|x64.ActiveCfg = Debug|x64
		{3331BBD5-93AC-46CB-A661-4EDFD9F5240F}.Debug|x64.Build.0 = Debug|x64
		{3331BBD5-93AC-46CB-A661-4EDFD9F5240F}.Debug|x64.Deploy.0 = Debug|x64
		{3331BBD5-93AC-46CB-A661-4EDFD9F5240F}.Debug|x86.ActiveCfg = Debug|x86
		{3331BBD5-93AC-46CB-A661-4EDFD9F5240F}.Debug|x86.Build.0 = Debug|x86
		{3331BBD5-93AC-46CB-A661-4EDFD9F5240F}.Debug|x86.Deploy.0 = Debug|x86
		{3331BBD5-93AC-46CB-A661-4EDFD9F5240F}.Release|Any CPU.ActiveCfg = Release|x86
		{3331BBD5-93AC-46CB-A661-4EDFD9F5240F}.Release|ARM.ActiveCfg = Release|ARM
		{3331BBD5-93AC-46CB-A661-4EDFD9F5240F}.Release|ARM.Build.0 = Release|ARM
		{3331BBD5-93AC-46CB-A661-4EDFD9F5240F}.Release|ARM.Deploy.0 = Release|ARM
		{3331BBD5-93AC-46CB-A661-4EDFD9F5240F}.Release|iPhone.ActiveCfg = Release|x86
		{3331BBD5-93AC-46CB-A661-4EDFD9F5240F}.Release|iPhoneSimulator.ActiveCfg = Release|x86
		{3331BBD5-93AC-46CB-A661-4EDFD9F5240F}.Release|x64.ActiveCfg = Release|x64
		{3331BBD5-93AC-46CB-A661-4EDFD9F5240F}.Release|x64.Build.0 = Release|x64
		{3331BBD5-93AC-46CB-A661-4EDFD9F5240F}.Release|x64.Deploy.0 = Release|x64
		{3331BBD5-93AC-46CB-A661-4EDFD9F5240F}.Release|x86.ActiveCfg = Release|x86
		{3331BBD5-93AC-46CB-A661-4EDFD9F5240F}.Release|x86.Build.0 = Release|x86
		{3331BBD5-93AC-46CB-A661-4EDFD9F5240F}.Release|x86.Deploy.0 = Release|x86
		{2E4970DE-C0E6-47B7-AA80-700C1AAFF5FD}.Ad-Hoc|Any CPU.ActiveCfg = Release|Any CPU
		{2E4970DE-C0E6-47B7-AA80-700C1AAFF5FD}.Ad-Hoc|Any CPU.Build.0 = Release|Any CPU
		{2E4970DE-C0E6-47B7-AA80-700C1AAFF5FD}.Ad-Hoc|Any CPU.Deploy.0 = Release|Any CPU
		{2E4970DE-C0E6-47B7-AA80-700C1AAFF5FD}.Ad-Hoc|ARM.ActiveCfg = Release|ARM
		{2E4970DE-C0E6-47B7-AA80-700C1AAFF5FD}.Ad-Hoc|ARM.Build.0 = Release|ARM
		{2E4970DE-C0E6-47B7-AA80-700C1AAFF5FD}.Ad-Hoc|ARM.Deploy.0 = Release|ARM
		{2E4970DE-C0E6-47B7-AA80-700C1AAFF5FD}.Ad-Hoc|iPhone.ActiveCfg = Release|Any CPU
		{2E4970DE-C0E6-47B7-AA80-700C1AAFF5FD}.Ad-Hoc|iPhone.Build.0 = Release|Any CPU
		{2E4970DE-C0E6-47B7-AA80-700C1AAFF5FD}.Ad-Hoc|iPhone.Deploy.0 = Release|Any CPU
		{2E4970DE-C0E6-47B7-AA80-700C1AAFF5FD}.Ad-Hoc|iPhoneSimulator.ActiveCfg = Release|Any CPU
		{2E4970DE-C0E6-47B7-AA80-700C1AAFF5FD}.Ad-Hoc|iPhoneSimulator.Build.0 = Release|Any CPU
		{2E4970DE-C0E6-47B7-AA80-700C1AAFF5FD}.Ad-Hoc|iPhoneSimulator.Deploy.0 = Release|Any CPU
		{2E4970DE-C0E6-47B7-AA80-700C1AAFF5FD}.Ad-Hoc|x64.ActiveCfg = Release|x64
		{2E4970DE-C0E6-47B7-AA80-700C1AAFF5FD}.Ad-Hoc|x64.Build.0 = Release|x64
		{2E4970DE-C0E6-47B7-AA80-700C1AAFF5FD}.Ad-Hoc|x64.Deploy.0 = Release|x64
		{2E4970DE-C0E6-47B7-AA80-700C1AAFF5FD}.Ad-Hoc|x86.ActiveCfg = Release|x86
		{2E4970DE-C0E6-47B7-AA80-700C1AAFF5FD}.Ad-Hoc|x86.Build.0 = Release|x86
		{2E4970DE-C0E6-47B7-AA80-700C1AAFF5FD}.Ad-Hoc|x86.Deploy.0 = Release|x86
		{2E4970DE-C0E6-47B7-AA80-700C1AAFF5FD}.AppStore|Any CPU.ActiveCfg = Release|Any CPU
		{2E4970DE-C0E6-47B7-AA80-700C1AAFF5FD}.AppStore|Any CPU.Build.0 = Release|Any CPU
		{2E4970DE-C0E6-47B7-AA80-700C1AAFF5FD}.AppStore|Any CPU.Deploy.0 = Release|Any CPU
		{2E4970DE-C0E6-47B7-AA80-700C1AAFF5FD}.AppStore|ARM.ActiveCfg = Release|ARM
		{2E4970DE-C0E6-47B7-AA80-700C1AAFF5FD}.AppStore|ARM.Build.0 = Release|ARM
		{2E4970DE-C0E6-47B7-AA80-700C1AAFF5FD}.AppStore|ARM.Deploy.0 = Release|ARM
		{2E4970DE-C0E6-47B7-AA80-700C1AAFF5FD}.AppStore|iPhone.ActiveCfg = Release|Any CPU
		{2E4970DE-C0E6-47B7-AA80-700C1AAFF5FD}.AppStore|iPhone.Build.0 = Release|Any CPU
		{2E4970DE-C0E6-47B7-AA80-700C1AAFF5FD}.AppStore|iPhone.Deploy.0 = Release|Any CPU
		{2E4970DE-C0E6-47B7-AA80-700C1AAFF5FD}.AppStore|iPhoneSimulator.ActiveCfg = Release|Any CPU
		{2E4970DE-C0E6-47B7-AA80-700C1AAFF5FD}.AppStore|iPhoneSimulator.Build.0 = Release|Any CPU
		{2E4970DE-C0E6-47B7-AA80-700C1AAFF5FD}.AppStore|iPhoneSimulator.Deploy.0 = Release|Any CPU
		{2E4970DE-C0E6-47B7-AA80-700C1AAFF5FD}.AppStore|x64.ActiveCfg = Release|x64
		{2E4970DE-C0E6-47B7-AA80-700C1AAFF5FD}.AppStore|x64.Build.0 = Release|x64
		{2E4970DE-C0E6-47B7-AA80-700C1AAFF5FD}.AppStore|x64.Deploy.0 = Release|x64
		{2E4970DE-C0E6-47B7-AA80-700C1AAFF5FD}.AppStore|x86.ActiveCfg = Release|x86
		{2E4970DE-C0E6-47B7-AA80-700C1AAFF5FD}.AppStore|x86.Build.0 = Release|x86
		{2E4970DE-C0E6-47B7-AA80-700C1AAFF5FD}.AppStore|x86.Deploy.0 = Release|x86
		{2E4970DE-C0E6-47B7-AA80-700C1AAFF5FD}.Debug|Any CPU.ActiveCfg = Debug|Any CPU
		{2E4970DE-C0E6-47B7-AA80-700C1AAFF5FD}.Debug|Any CPU.Build.0 = Debug|Any CPU
		{2E4970DE-C0E6-47B7-AA80-700C1AAFF5FD}.Debug|Any CPU.Deploy.0 = Debug|Any CPU
		{2E4970DE-C0E6-47B7-AA80-700C1AAFF5FD}.Debug|ARM.ActiveCfg = Debug|ARM
		{2E4970DE-C0E6-47B7-AA80-700C1AAFF5FD}.Debug|ARM.Build.0 = Debug|ARM
		{2E4970DE-C0E6-47B7-AA80-700C1AAFF5FD}.Debug|ARM.Deploy.0 = Debug|ARM
		{2E4970DE-C0E6-47B7-AA80-700C1AAFF5FD}.Debug|iPhone.ActiveCfg = Debug|Any CPU
		{2E4970DE-C0E6-47B7-AA80-700C1AAFF5FD}.Debug|iPhone.Build.0 = Debug|Any CPU
		{2E4970DE-C0E6-47B7-AA80-700C1AAFF5FD}.Debug|iPhone.Deploy.0 = Debug|Any CPU
		{2E4970DE-C0E6-47B7-AA80-700C1AAFF5FD}.Debug|iPhoneSimulator.ActiveCfg = Debug|Any CPU
		{2E4970DE-C0E6-47B7-AA80-700C1AAFF5FD}.Debug|iPhoneSimulator.Build.0 = Debug|Any CPU
		{2E4970DE-C0E6-47B7-AA80-700C1AAFF5FD}.Debug|iPhoneSimulator.Deploy.0 = Debug|Any CPU
		{2E4970DE-C0E6-47B7-AA80-700C1AAFF5FD}.Debug|x64.ActiveCfg = Debug|x64
		{2E4970DE-C0E6-47B7-AA80-700C1AAFF5FD}.Debug|x64.Build.0 = Debug|x64
		{2E4970DE-C0E6-47B7-AA80-700C1AAFF5FD}.Debug|x64.Deploy.0 = Debug|x64
		{2E4970DE-C0E6-47B7-AA80-700C1AAFF5FD}.Debug|x86.ActiveCfg = Debug|x86
		{2E4970DE-C0E6-47B7-AA80-700C1AAFF5FD}.Debug|x86.Build.0 = Debug|x86
		{2E4970DE-C0E6-47B7-AA80-700C1AAFF5FD}.Debug|x86.Deploy.0 = Debug|x86
		{2E4970DE-C0E6-47B7-AA80-700C1AAFF5FD}.Release|Any CPU.ActiveCfg = Release|Any CPU
		{2E4970DE-C0E6-47B7-AA80-700C1AAFF5FD}.Release|Any CPU.Build.0 = Release|Any CPU
		{2E4970DE-C0E6-47B7-AA80-700C1AAFF5FD}.Release|Any CPU.Deploy.0 = Release|Any CPU
		{2E4970DE-C0E6-47B7-AA80-700C1AAFF5FD}.Release|ARM.ActiveCfg = Release|ARM
		{2E4970DE-C0E6-47B7-AA80-700C1AAFF5FD}.Release|ARM.Build.0 = Release|ARM
		{2E4970DE-C0E6-47B7-AA80-700C1AAFF5FD}.Release|ARM.Deploy.0 = Release|ARM
		{2E4970DE-C0E6-47B7-AA80-700C1AAFF5FD}.Release|iPhone.ActiveCfg = Release|Any CPU
		{2E4970DE-C0E6-47B7-AA80-700C1AAFF5FD}.Release|iPhone.Build.0 = Release|Any CPU
		{2E4970DE-C0E6-47B7-AA80-700C1AAFF5FD}.Release|iPhone.Deploy.0 = Release|Any CPU
		{2E4970DE-C0E6-47B7-AA80-700C1AAFF5FD}.Release|iPhoneSimulator.ActiveCfg = Release|Any CPU
		{2E4970DE-C0E6-47B7-AA80-700C1AAFF5FD}.Release|iPhoneSimulator.Build.0 = Release|Any CPU
		{2E4970DE-C0E6-47B7-AA80-700C1AAFF5FD}.Release|iPhoneSimulator.Deploy.0 = Release|Any CPU
		{2E4970DE-C0E6-47B7-AA80-700C1AAFF5FD}.Release|x64.ActiveCfg = Release|x64
		{2E4970DE-C0E6-47B7-AA80-700C1AAFF5FD}.Release|x64.Build.0 = Release|x64
		{2E4970DE-C0E6-47B7-AA80-700C1AAFF5FD}.Release|x64.Deploy.0 = Release|x64
		{2E4970DE-C0E6-47B7-AA80-700C1AAFF5FD}.Release|x86.ActiveCfg = Release|x86
		{2E4970DE-C0E6-47B7-AA80-700C1AAFF5FD}.Release|x86.Build.0 = Release|x86
		{2E4970DE-C0E6-47B7-AA80-700C1AAFF5FD}.Release|x86.Deploy.0 = Release|x86
		{6E6D98D0-249E-4BE2-8893-05A6FCC2B814}.Ad-Hoc|Any CPU.ActiveCfg = Release|Any CPU
		{6E6D98D0-249E-4BE2-8893-05A6FCC2B814}.Ad-Hoc|Any CPU.Build.0 = Release|Any CPU
		{6E6D98D0-249E-4BE2-8893-05A6FCC2B814}.Ad-Hoc|ARM.ActiveCfg = Release|Any CPU
		{6E6D98D0-249E-4BE2-8893-05A6FCC2B814}.Ad-Hoc|ARM.Build.0 = Release|Any CPU
		{6E6D98D0-249E-4BE2-8893-05A6FCC2B814}.Ad-Hoc|iPhone.ActiveCfg = Release|Any CPU
		{6E6D98D0-249E-4BE2-8893-05A6FCC2B814}.Ad-Hoc|iPhone.Build.0 = Release|Any CPU
		{6E6D98D0-249E-4BE2-8893-05A6FCC2B814}.Ad-Hoc|iPhoneSimulator.ActiveCfg = Release|Any CPU
		{6E6D98D0-249E-4BE2-8893-05A6FCC2B814}.Ad-Hoc|iPhoneSimulator.Build.0 = Release|Any CPU
		{6E6D98D0-249E-4BE2-8893-05A6FCC2B814}.Ad-Hoc|x64.ActiveCfg = Release|Any CPU
		{6E6D98D0-249E-4BE2-8893-05A6FCC2B814}.Ad-Hoc|x64.Build.0 = Release|Any CPU
		{6E6D98D0-249E-4BE2-8893-05A6FCC2B814}.Ad-Hoc|x86.ActiveCfg = Release|Any CPU
		{6E6D98D0-249E-4BE2-8893-05A6FCC2B814}.Ad-Hoc|x86.Build.0 = Release|Any CPU
		{6E6D98D0-249E-4BE2-8893-05A6FCC2B814}.AppStore|Any CPU.ActiveCfg = Release|Any CPU
		{6E6D98D0-249E-4BE2-8893-05A6FCC2B814}.AppStore|Any CPU.Build.0 = Release|Any CPU
		{6E6D98D0-249E-4BE2-8893-05A6FCC2B814}.AppStore|ARM.ActiveCfg = Release|Any CPU
		{6E6D98D0-249E-4BE2-8893-05A6FCC2B814}.AppStore|ARM.Build.0 = Release|Any CPU
		{6E6D98D0-249E-4BE2-8893-05A6FCC2B814}.AppStore|iPhone.ActiveCfg = Release|Any CPU
		{6E6D98D0-249E-4BE2-8893-05A6FCC2B814}.AppStore|iPhone.Build.0 = Release|Any CPU
		{6E6D98D0-249E-4BE2-8893-05A6FCC2B814}.AppStore|iPhoneSimulator.ActiveCfg = Release|Any CPU
		{6E6D98D0-249E-4BE2-8893-05A6FCC2B814}.AppStore|iPhoneSimulator.Build.0 = Release|Any CPU
		{6E6D98D0-249E-4BE2-8893-05A6FCC2B814}.AppStore|x64.ActiveCfg = Release|Any CPU
		{6E6D98D0-249E-4BE2-8893-05A6FCC2B814}.AppStore|x64.Build.0 = Release|Any CPU
		{6E6D98D0-249E-4BE2-8893-05A6FCC2B814}.AppStore|x86.ActiveCfg = Release|Any CPU
		{6E6D98D0-249E-4BE2-8893-05A6FCC2B814}.AppStore|x86.Build.0 = Release|Any CPU
		{6E6D98D0-249E-4BE2-8893-05A6FCC2B814}.Debug|Any CPU.ActiveCfg = Debug|Any CPU
		{6E6D98D0-249E-4BE2-8893-05A6FCC2B814}.Debug|Any CPU.Build.0 = Debug|Any CPU
		{6E6D98D0-249E-4BE2-8893-05A6FCC2B814}.Debug|ARM.ActiveCfg = Debug|Any CPU
		{6E6D98D0-249E-4BE2-8893-05A6FCC2B814}.Debug|ARM.Build.0 = Debug|Any CPU
		{6E6D98D0-249E-4BE2-8893-05A6FCC2B814}.Debug|iPhone.ActiveCfg = Debug|Any CPU
		{6E6D98D0-249E-4BE2-8893-05A6FCC2B814}.Debug|iPhone.Build.0 = Debug|Any CPU
		{6E6D98D0-249E-4BE2-8893-05A6FCC2B814}.Debug|iPhoneSimulator.ActiveCfg = Debug|Any CPU
		{6E6D98D0-249E-4BE2-8893-05A6FCC2B814}.Debug|iPhoneSimulator.Build.0 = Debug|Any CPU
		{6E6D98D0-249E-4BE2-8893-05A6FCC2B814}.Debug|x64.ActiveCfg = Debug|Any CPU
		{6E6D98D0-249E-4BE2-8893-05A6FCC2B814}.Debug|x64.Build.0 = Debug|Any CPU
		{6E6D98D0-249E-4BE2-8893-05A6FCC2B814}.Debug|x86.ActiveCfg = Debug|Any CPU
		{6E6D98D0-249E-4BE2-8893-05A6FCC2B814}.Debug|x86.Build.0 = Debug|Any CPU
		{6E6D98D0-249E-4BE2-8893-05A6FCC2B814}.Release|Any CPU.ActiveCfg = Release|Any CPU
		{6E6D98D0-249E-4BE2-8893-05A6FCC2B814}.Release|Any CPU.Build.0 = Release|Any CPU
		{6E6D98D0-249E-4BE2-8893-05A6FCC2B814}.Release|ARM.ActiveCfg = Release|Any CPU
		{6E6D98D0-249E-4BE2-8893-05A6FCC2B814}.Release|ARM.Build.0 = Release|Any CPU
		{6E6D98D0-249E-4BE2-8893-05A6FCC2B814}.Release|iPhone.ActiveCfg = Release|Any CPU
		{6E6D98D0-249E-4BE2-8893-05A6FCC2B814}.Release|iPhone.Build.0 = Release|Any CPU
		{6E6D98D0-249E-4BE2-8893-05A6FCC2B814}.Release|iPhoneSimulator.ActiveCfg = Release|Any CPU
		{6E6D98D0-249E-4BE2-8893-05A6FCC2B814}.Release|iPhoneSimulator.Build.0 = Release|Any CPU
		{6E6D98D0-249E-4BE2-8893-05A6FCC2B814}.Release|x64.ActiveCfg = Release|Any CPU
		{6E6D98D0-249E-4BE2-8893-05A6FCC2B814}.Release|x64.Build.0 = Release|Any CPU
		{6E6D98D0-249E-4BE2-8893-05A6FCC2B814}.Release|x86.ActiveCfg = Release|Any CPU
		{6E6D98D0-249E-4BE2-8893-05A6FCC2B814}.Release|x86.Build.0 = Release|Any CPU
	EndGlobalSection
	GlobalSection(SolutionProperties) = preSolution
		HideSolutionNode = FALSE
	EndGlobalSection
EndGlobal
