
Microsoft Visual Studio Solution File, Format Version 12.00
# Visual Studio 14
VisualStudioVersion = 14.0.25420.1
MinimumVisualStudioVersion = 10.0.40219.1
Project("{FAE04EC0-301F-11D3-BF4B-00C04F79EFBC}") = "App2.Droid", "App2\App2.Droid\App2.Droid.csproj", "{0ECF3EB7-3186-409B-AA3B-D4DA0D1856E6}"
EndProject
Project("{FAE04EC0-301F-11D3-BF4B-00C04F79EFBC}") = "App2.iOS", "App2\App2.iOS\App2.iOS.csproj", "{81F2DEA8-4DBA-476D-974C-81C7373DBFB9}"
EndProject
Project("{FAE04EC0-301F-11D3-BF4B-00C04F79EFBC}") = "App2.WinPhone", "App2\App2.WinPhone\App2.WinPhone.csproj", "{2BDBD967-4CFE-4DBB-B922-3440E001609D}"
EndProject
Project("{FAE04EC0-301F-11D3-BF4B-00C04F79EFBC}") = "App2.Windows", "App2\App2.Windows\App2.Windows.csproj", "{060D1593-CC4F-4A88-9E35-5DC8228B996C}"
EndProject
Project("{FAE04EC0-301F-11D3-BF4B-00C04F79EFBC}") = "App2", "App2\App2\App2.csproj", "{E0D1ADE4-E95E-4C79-87C0-580858EC6D36}"
EndProject
Global
	GlobalSection(SolutionConfigurationPlatforms) = preSolution
		Ad-Hoc|Any CPU = Ad-Hoc|Any CPU
		Ad-Hoc|ARM = Ad-Hoc|ARM
		Ad-Hoc|iPhone = Ad-Hoc|iPhone
		Ad-Hoc|iPhoneSimulator = Ad-Hoc|iPhoneSimulator
		Ad-Hoc|x64 = Ad-Hoc|x64
		Ad-Hoc|x86 = Ad-Hoc|x86
		AppStore|Any CPU = AppStore|Any CPU
		AppStore|ARM = AppStore|ARM
		AppStore|iPhone = AppStore|iPhone
		AppStore|iPhoneSimulator = AppStore|iPhoneSimulator
		AppStore|x64 = AppStore|x64
		AppStore|x86 = AppStore|x86
		Debug|Any CPU = Debug|Any CPU
		Debug|ARM = Debug|ARM
		Debug|iPhone = Debug|iPhone
		Debug|iPhoneSimulator = Debug|iPhoneSimulator
		Debug|x64 = Debug|x64
		Debug|x86 = Debug|x86
		Release|Any CPU = Release|Any CPU
		Release|ARM = Release|ARM
		Release|iPhone = Release|iPhone
		Release|iPhoneSimulator = Release|iPhoneSimulator
		Release|x64 = Release|x64
		Release|x86 = Release|x86
	EndGlobalSection
	GlobalSection(ProjectConfigurationPlatforms) = postSolution
		{0ECF3EB7-3186-409B-AA3B-D4DA0D1856E6}.Ad-Hoc|Any CPU.ActiveCfg = Release|Any CPU
		{0ECF3EB7-3186-409B-AA3B-D4DA0D1856E6}.Ad-Hoc|Any CPU.Build.0 = Release|Any CPU
		{0ECF3EB7-3186-409B-AA3B-D4DA0D1856E6}.Ad-Hoc|Any CPU.Deploy.0 = Release|Any CPU
		{0ECF3EB7-3186-409B-AA3B-D4DA0D1856E6}.Ad-Hoc|ARM.ActiveCfg = Release|Any CPU
		{0ECF3EB7-3186-409B-AA3B-D4DA0D1856E6}.Ad-Hoc|ARM.Build.0 = Release|Any CPU
		{0ECF3EB7-3186-409B-AA3B-D4DA0D1856E6}.Ad-Hoc|ARM.Deploy.0 = Release|Any CPU
		{0ECF3EB7-3186-409B-AA3B-D4DA0D1856E6}.Ad-Hoc|iPhone.ActiveCfg = Release|Any CPU
		{0ECF3EB7-3186-409B-AA3B-D4DA0D1856E6}.Ad-Hoc|iPhone.Build.0 = Release|Any CPU
		{0ECF3EB7-3186-409B-AA3B-D4DA0D1856E6}.Ad-Hoc|iPhone.Deploy.0 = Release|Any CPU
		{0ECF3EB7-3186-409B-AA3B-D4DA0D1856E6}.Ad-Hoc|iPhoneSimulator.ActiveCfg = Release|Any CPU
		{0ECF3EB7-3186-409B-AA3B-D4DA0D1856E6}.Ad-Hoc|iPhoneSimulator.Build.0 = Release|Any CPU
		{0ECF3EB7-3186-409B-AA3B-D4DA0D1856E6}.Ad-Hoc|iPhoneSimulator.Deploy.0 = Release|Any CPU
		{0ECF3EB7-3186-409B-AA3B-D4DA0D1856E6}.Ad-Hoc|x64.ActiveCfg = Release|Any CPU
		{0ECF3EB7-3186-409B-AA3B-D4DA0D1856E6}.Ad-Hoc|x64.Build.0 = Release|Any CPU
		{0ECF3EB7-3186-409B-AA3B-D4DA0D1856E6}.Ad-Hoc|x64.Deploy.0 = Release|Any CPU
		{0ECF3EB7-3186-409B-AA3B-D4DA0D1856E6}.Ad-Hoc|x86.ActiveCfg = Release|Any CPU
		{0ECF3EB7-3186-409B-AA3B-D4DA0D1856E6}.Ad-Hoc|x86.Build.0 = Release|Any CPU
		{0ECF3EB7-3186-409B-AA3B-D4DA0D1856E6}.Ad-Hoc|x86.Deploy.0 = Release|Any CPU
		{0ECF3EB7-3186-409B-AA3B-D4DA0D1856E6}.AppStore|Any CPU.ActiveCfg = Release|Any CPU
		{0ECF3EB7-3186-409B-AA3B-D4DA0D1856E6}.AppStore|Any CPU.Build.0 = Release|Any CPU
		{0ECF3EB7-3186-409B-AA3B-D4DA0D1856E6}.AppStore|Any CPU.Deploy.0 = Release|Any CPU
		{0ECF3EB7-3186-409B-AA3B-D4DA0D1856E6}.AppStore|ARM.ActiveCfg = Release|Any CPU
		{0ECF3EB7-3186-409B-AA3B-D4DA0D1856E6}.AppStore|ARM.Build.0 = Release|Any CPU
		{0ECF3EB7-3186-409B-AA3B-D4DA0D1856E6}.AppStore|ARM.Deploy.0 = Release|Any CPU
		{0ECF3EB7-3186-409B-AA3B-D4DA0D1856E6}.AppStore|iPhone.ActiveCfg = Release|Any CPU
		{0ECF3EB7-3186-409B-AA3B-D4DA0D1856E6}.AppStore|iPhone.Build.0 = Release|Any CPU
		{0ECF3EB7-3186-409B-AA3B-D4DA0D1856E6}.AppStore|iPhone.Deploy.0 = Release|Any CPU
		{0ECF3EB7-3186-409B-AA3B-D4DA0D1856E6}.AppStore|iPhoneSimulator.ActiveCfg = Release|Any CPU
		{0ECF3EB7-3186-409B-AA3B-D4DA0D1856E6}.AppStore|iPhoneSimulator.Build.0 = Release|Any CPU
		{0ECF3EB7-3186-409B-AA3B-D4DA0D1856E6}.AppStore|iPhoneSimulator.Deploy.0 = Release|Any CPU
		{0ECF3EB7-3186-409B-AA3B-D4DA0D1856E6}.AppStore|x64.ActiveCfg = Release|Any CPU
		{0ECF3EB7-3186-409B-AA3B-D4DA0D1856E6}.AppStore|x64.Build.0 = Release|Any CPU
		{0ECF3EB7-3186-409B-AA3B-D4DA0D1856E6}.AppStore|x64.Deploy.0 = Release|Any CPU
		{0ECF3EB7-3186-409B-AA3B-D4DA0D1856E6}.AppStore|x86.ActiveCfg = Release|Any CPU
		{0ECF3EB7-3186-409B-AA3B-D4DA0D1856E6}.AppStore|x86.Build.0 = Release|Any CPU
		{0ECF3EB7-3186-409B-AA3B-D4DA0D1856E6}.AppStore|x86.Deploy.0 = Release|Any CPU
		{0ECF3EB7-3186-409B-AA3B-D4DA0D1856E6}.Debug|Any CPU.ActiveCfg = Debug|Any CPU
		{0ECF3EB7-3186-409B-AA3B-D4DA0D1856E6}.Debug|Any CPU.Build.0 = Debug|Any CPU
		{0ECF3EB7-3186-409B-AA3B-D4DA0D1856E6}.Debug|Any CPU.Deploy.0 = Debug|Any CPU
		{0ECF3EB7-3186-409B-AA3B-D4DA0D1856E6}.Debug|ARM.ActiveCfg = Debug|Any CPU
		{0ECF3EB7-3186-409B-AA3B-D4DA0D1856E6}.Debug|ARM.Build.0 = Debug|Any CPU
		{0ECF3EB7-3186-409B-AA3B-D4DA0D1856E6}.Debug|ARM.Deploy.0 = Debug|Any CPU
		{0ECF3EB7-3186-409B-AA3B-D4DA0D1856E6}.Debug|iPhone.ActiveCfg = Debug|Any CPU
		{0ECF3EB7-3186-409B-AA3B-D4DA0D1856E6}.Debug|iPhone.Build.0 = Debug|Any CPU
		{0ECF3EB7-3186-409B-AA3B-D4DA0D1856E6}.Debug|iPhone.Deploy.0 = Debug|Any CPU
		{0ECF3EB7-3186-409B-AA3B-D4DA0D1856E6}.Debug|iPhoneSimulator.ActiveCfg = Debug|Any CPU
		{0ECF3EB7-3186-409B-AA3B-D4DA0D1856E6}.Debug|iPhoneSimulator.Build.0 = Debug|Any CPU
		{0ECF3EB7-3186-409B-AA3B-D4DA0D1856E6}.Debug|iPhoneSimulator.Deploy.0 = Debug|Any CPU
		{0ECF3EB7-3186-409B-AA3B-D4DA0D1856E6}.Debug|x64.ActiveCfg = Debug|Any CPU
		{0ECF3EB7-3186-409B-AA3B-D4DA0D1856E6}.Debug|x64.Build.0 = Debug|Any CPU
		{0ECF3EB7-3186-409B-AA3B-D4DA0D1856E6}.Debug|x64.Deploy.0 = Debug|Any CPU
		{0ECF3EB7-3186-409B-AA3B-D4DA0D1856E6}.Debug|x86.ActiveCfg = Debug|Any CPU
		{0ECF3EB7-3186-409B-AA3B-D4DA0D1856E6}.Debug|x86.Build.0 = Debug|Any CPU
		{0ECF3EB7-3186-409B-AA3B-D4DA0D1856E6}.Debug|x86.Deploy.0 = Debug|Any CPU
		{0ECF3EB7-3186-409B-AA3B-D4DA0D1856E6}.Release|Any CPU.ActiveCfg = Release|Any CPU
		{0ECF3EB7-3186-409B-AA3B-D4DA0D1856E6}.Release|Any CPU.Build.0 = Release|Any CPU
		{0ECF3EB7-3186-409B-AA3B-D4DA0D1856E6}.Release|Any CPU.Deploy.0 = Release|Any CPU
		{0ECF3EB7-3186-409B-AA3B-D4DA0D1856E6}.Release|ARM.ActiveCfg = Release|Any CPU
		{0ECF3EB7-3186-409B-AA3B-D4DA0D1856E6}.Release|ARM.Build.0 = Release|Any CPU
		{0ECF3EB7-3186-409B-AA3B-D4DA0D1856E6}.Release|ARM.Deploy.0 = Release|Any CPU
		{0ECF3EB7-3186-409B-AA3B-D4DA0D1856E6}.Release|iPhone.ActiveCfg = Release|Any CPU
		{0ECF3EB7-3186-409B-AA3B-D4DA0D1856E6}.Release|iPhone.Build.0 = Release|Any CPU
		{0ECF3EB7-3186-409B-AA3B-D4DA0D1856E6}.Release|iPhone.Deploy.0 = Release|Any CPU
		{0ECF3EB7-3186-409B-AA3B-D4DA0D1856E6}.Release|iPhoneSimulator.ActiveCfg = Release|Any CPU
		{0ECF3EB7-3186-409B-AA3B-D4DA0D1856E6}.Release|iPhoneSimulator.Build.0 = Release|Any CPU
		{0ECF3EB7-3186-409B-AA3B-D4DA0D1856E6}.Release|iPhoneSimulator.Deploy.0 = Release|Any CPU
		{0ECF3EB7-3186-409B-AA3B-D4DA0D1856E6}.Release|x64.ActiveCfg = Release|Any CPU
		{0ECF3EB7-3186-409B-AA3B-D4DA0D1856E6}.Release|x64.Build.0 = Release|Any CPU
		{0ECF3EB7-3186-409B-AA3B-D4DA0D1856E6}.Release|x64.Deploy.0 = Release|Any CPU
		{0ECF3EB7-3186-409B-AA3B-D4DA0D1856E6}.Release|x86.ActiveCfg = Release|Any CPU
		{0ECF3EB7-3186-409B-AA3B-D4DA0D1856E6}.Release|x86.Build.0 = Release|Any CPU
		{0ECF3EB7-3186-409B-AA3B-D4DA0D1856E6}.Release|x86.Deploy.0 = Release|Any CPU
		{81F2DEA8-4DBA-476D-974C-81C7373DBFB9}.Ad-Hoc|Any CPU.ActiveCfg = Ad-Hoc|iPhone
		{81F2DEA8-4DBA-476D-974C-81C7373DBFB9}.Ad-Hoc|ARM.ActiveCfg = Ad-Hoc|iPhone
		{81F2DEA8-4DBA-476D-974C-81C7373DBFB9}.Ad-Hoc|iPhone.ActiveCfg = Ad-Hoc|iPhone
		{81F2DEA8-4DBA-476D-974C-81C7373DBFB9}.Ad-Hoc|iPhone.Build.0 = Ad-Hoc|iPhone
		{81F2DEA8-4DBA-476D-974C-81C7373DBFB9}.Ad-Hoc|iPhoneSimulator.ActiveCfg = Ad-Hoc|iPhoneSimulator
		{81F2DEA8-4DBA-476D-974C-81C7373DBFB9}.Ad-Hoc|iPhoneSimulator.Build.0 = Ad-Hoc|iPhoneSimulator
		{81F2DEA8-4DBA-476D-974C-81C7373DBFB9}.Ad-Hoc|x64.ActiveCfg = Ad-Hoc|iPhone
		{81F2DEA8-4DBA-476D-974C-81C7373DBFB9}.Ad-Hoc|x86.ActiveCfg = Ad-Hoc|iPhone
		{81F2DEA8-4DBA-476D-974C-81C7373DBFB9}.AppStore|Any CPU.ActiveCfg = AppStore|iPhone
		{81F2DEA8-4DBA-476D-974C-81C7373DBFB9}.AppStore|ARM.ActiveCfg = AppStore|iPhone
		{81F2DEA8-4DBA-476D-974C-81C7373DBFB9}.AppStore|iPhone.ActiveCfg = AppStore|iPhone
		{81F2DEA8-4DBA-476D-974C-81C7373DBFB9}.AppStore|iPhone.Build.0 = AppStore|iPhone
		{81F2DEA8-4DBA-476D-974C-81C7373DBFB9}.AppStore|iPhoneSimulator.ActiveCfg = AppStore|iPhoneSimulator
		{81F2DEA8-4DBA-476D-974C-81C7373DBFB9}.AppStore|iPhoneSimulator.Build.0 = AppStore|iPhoneSimulator
		{81F2DEA8-4DBA-476D-974C-81C7373DBFB9}.AppStore|x64.ActiveCfg = AppStore|iPhone
		{81F2DEA8-4DBA-476D-974C-81C7373DBFB9}.AppStore|x86.ActiveCfg = AppStore|iPhone
		{81F2DEA8-4DBA-476D-974C-81C7373DBFB9}.Debug|Any CPU.ActiveCfg = Debug|iPhone
		{81F2DEA8-4DBA-476D-974C-81C7373DBFB9}.Debug|ARM.ActiveCfg = Debug|iPhone
		{81F2DEA8-4DBA-476D-974C-81C7373DBFB9}.Debug|iPhone.ActiveCfg = Debug|iPhone
		{81F2DEA8-4DBA-476D-974C-81C7373DBFB9}.Debug|iPhone.Build.0 = Debug|iPhone
		{81F2DEA8-4DBA-476D-974C-81C7373DBFB9}.Debug|iPhoneSimulator.ActiveCfg = Debug|iPhoneSimulator
		{81F2DEA8-4DBA-476D-974C-81C7373DBFB9}.Debug|iPhoneSimulator.Build.0 = Debug|iPhoneSimulator
		{81F2DEA8-4DBA-476D-974C-81C7373DBFB9}.Debug|x64.ActiveCfg = Debug|iPhone
		{81F2DEA8-4DBA-476D-974C-81C7373DBFB9}.Debug|x86.ActiveCfg = Debug|iPhone
		{81F2DEA8-4DBA-476D-974C-81C7373DBFB9}.Release|Any CPU.ActiveCfg = Release|iPhone
		{81F2DEA8-4DBA-476D-974C-81C7373DBFB9}.Release|ARM.ActiveCfg = Release|iPhone
		{81F2DEA8-4DBA-476D-974C-81C7373DBFB9}.Release|iPhone.ActiveCfg = Release|iPhone
		{81F2DEA8-4DBA-476D-974C-81C7373DBFB9}.Release|iPhone.Build.0 = Release|iPhone
		{81F2DEA8-4DBA-476D-974C-81C7373DBFB9}.Release|iPhoneSimulator.ActiveCfg = Release|iPhoneSimulator
		{81F2DEA8-4DBA-476D-974C-81C7373DBFB9}.Release|iPhoneSimulator.Build.0 = Release|iPhoneSimulator
		{81F2DEA8-4DBA-476D-974C-81C7373DBFB9}.Release|x64.ActiveCfg = Release|iPhone
		{81F2DEA8-4DBA-476D-974C-81C7373DBFB9}.Release|x86.ActiveCfg = Release|iPhone
		{2BDBD967-4CFE-4DBB-B922-3440E001609D}.Ad-Hoc|Any CPU.ActiveCfg = Release|Any CPU
		{2BDBD967-4CFE-4DBB-B922-3440E001609D}.Ad-Hoc|Any CPU.Build.0 = Release|Any CPU
		{2BDBD967-4CFE-4DBB-B922-3440E001609D}.Ad-Hoc|Any CPU.Deploy.0 = Release|Any CPU
		{2BDBD967-4CFE-4DBB-B922-3440E001609D}.Ad-Hoc|ARM.ActiveCfg = Release|ARM
		{2BDBD967-4CFE-4DBB-B922-3440E001609D}.Ad-Hoc|ARM.Build.0 = Release|ARM
		{2BDBD967-4CFE-4DBB-B922-3440E001609D}.Ad-Hoc|ARM.Deploy.0 = Release|ARM
		{2BDBD967-4CFE-4DBB-B922-3440E001609D}.Ad-Hoc|iPhone.ActiveCfg = Release|Any CPU
		{2BDBD967-4CFE-4DBB-B922-3440E001609D}.Ad-Hoc|iPhone.Build.0 = Release|Any CPU
		{2BDBD967-4CFE-4DBB-B922-3440E001609D}.Ad-Hoc|iPhone.Deploy.0 = Release|Any CPU
		{2BDBD967-4CFE-4DBB-B922-3440E001609D}.Ad-Hoc|iPhoneSimulator.ActiveCfg = Release|Any CPU
		{2BDBD967-4CFE-4DBB-B922-3440E001609D}.Ad-Hoc|iPhoneSimulator.Build.0 = Release|Any CPU
		{2BDBD967-4CFE-4DBB-B922-3440E001609D}.Ad-Hoc|iPhoneSimulator.Deploy.0 = Release|Any CPU
		{2BDBD967-4CFE-4DBB-B922-3440E001609D}.Ad-Hoc|x64.ActiveCfg = Release|Any CPU
		{2BDBD967-4CFE-4DBB-B922-3440E001609D}.Ad-Hoc|x64.Build.0 = Release|Any CPU
		{2BDBD967-4CFE-4DBB-B922-3440E001609D}.Ad-Hoc|x64.Deploy.0 = Release|Any CPU
		{2BDBD967-4CFE-4DBB-B922-3440E001609D}.Ad-Hoc|x86.ActiveCfg = Release|x86
		{2BDBD967-4CFE-4DBB-B922-3440E001609D}.Ad-Hoc|x86.Build.0 = Release|x86
		{2BDBD967-4CFE-4DBB-B922-3440E001609D}.Ad-Hoc|x86.Deploy.0 = Release|x86
		{2BDBD967-4CFE-4DBB-B922-3440E001609D}.AppStore|Any CPU.ActiveCfg = Release|Any CPU
		{2BDBD967-4CFE-4DBB-B922-3440E001609D}.AppStore|Any CPU.Build.0 = Release|Any CPU
		{2BDBD967-4CFE-4DBB-B922-3440E001609D}.AppStore|Any CPU.Deploy.0 = Release|Any CPU
		{2BDBD967-4CFE-4DBB-B922-3440E001609D}.AppStore|ARM.ActiveCfg = Release|ARM
		{2BDBD967-4CFE-4DBB-B922-3440E001609D}.AppStore|ARM.Build.0 = Release|ARM
		{2BDBD967-4CFE-4DBB-B922-3440E001609D}.AppStore|ARM.Deploy.0 = Release|ARM
		{2BDBD967-4CFE-4DBB-B922-3440E001609D}.AppStore|iPhone.ActiveCfg = Release|Any CPU
		{2BDBD967-4CFE-4DBB-B922-3440E001609D}.AppStore|iPhone.Build.0 = Release|Any CPU
		{2BDBD967-4CFE-4DBB-B922-3440E001609D}.AppStore|iPhone.Deploy.0 = Release|Any CPU
		{2BDBD967-4CFE-4DBB-B922-3440E001609D}.AppStore|iPhoneSimulator.ActiveCfg = Release|Any CPU
		{2BDBD967-4CFE-4DBB-B922-3440E001609D}.AppStore|iPhoneSimulator.Build.0 = Release|Any CPU
		{2BDBD967-4CFE-4DBB-B922-3440E001609D}.AppStore|iPhoneSimulator.Deploy.0 = Release|Any CPU
		{2BDBD967-4CFE-4DBB-B922-3440E001609D}.AppStore|x64.ActiveCfg = Release|Any CPU
		{2BDBD967-4CFE-4DBB-B922-3440E001609D}.AppStore|x64.Build.0 = Release|Any CPU
		{2BDBD967-4CFE-4DBB-B922-3440E001609D}.AppStore|x64.Deploy.0 = Release|Any CPU
		{2BDBD967-4CFE-4DBB-B922-3440E001609D}.AppStore|x86.ActiveCfg = Release|x86
		{2BDBD967-4CFE-4DBB-B922-3440E001609D}.AppStore|x86.Build.0 = Release|x86
		{2BDBD967-4CFE-4DBB-B922-3440E001609D}.AppStore|x86.Deploy.0 = Release|x86
		{2BDBD967-4CFE-4DBB-B922-3440E001609D}.Debug|Any CPU.ActiveCfg = Debug|Any CPU
		{2BDBD967-4CFE-4DBB-B922-3440E001609D}.Debug|Any CPU.Build.0 = Debug|Any CPU
		{2BDBD967-4CFE-4DBB-B922-3440E001609D}.Debug|Any CPU.Deploy.0 = Debug|Any CPU
		{2BDBD967-4CFE-4DBB-B922-3440E001609D}.Debug|ARM.ActiveCfg = Debug|ARM
		{2BDBD967-4CFE-4DBB-B922-3440E001609D}.Debug|ARM.Build.0 = Debug|ARM
		{2BDBD967-4CFE-4DBB-B922-3440E001609D}.Debug|ARM.Deploy.0 = Debug|ARM
		{2BDBD967-4CFE-4DBB-B922-3440E001609D}.Debug|iPhone.ActiveCfg = Debug|Any CPU
		{2BDBD967-4CFE-4DBB-B922-3440E001609D}.Debug|iPhone.Build.0 = Debug|Any CPU
		{2BDBD967-4CFE-4DBB-B922-3440E001609D}.Debug|iPhone.Deploy.0 = Debug|Any CPU
		{2BDBD967-4CFE-4DBB-B922-3440E001609D}.Debug|iPhoneSimulator.ActiveCfg = Debug|Any CPU
		{2BDBD967-4CFE-4DBB-B922-3440E001609D}.Debug|iPhoneSimulator.Build.0 = Debug|Any CPU
		{2BDBD967-4CFE-4DBB-B922-3440E001609D}.Debug|iPhoneSimulator.Deploy.0 = Debug|Any CPU
		{2BDBD967-4CFE-4DBB-B922-3440E001609D}.Debug|x64.ActiveCfg = Debug|Any CPU
		{2BDBD967-4CFE-4DBB-B922-3440E001609D}.Debug|x64.Build.0 = Debug|Any CPU
		{2BDBD967-4CFE-4DBB-B922-3440E001609D}.Debug|x64.Deploy.0 = Debug|Any CPU
		{2BDBD967-4CFE-4DBB-B922-3440E001609D}.Debug|x86.ActiveCfg = Debug|x86
		{2BDBD967-4CFE-4DBB-B922-3440E001609D}.Debug|x86.Build.0 = Debug|x86
		{2BDBD967-4CFE-4DBB-B922-3440E001609D}.Debug|x86.Deploy.0 = Debug|x86
		{2BDBD967-4CFE-4DBB-B922-3440E001609D}.Release|Any CPU.ActiveCfg = Release|Any CPU
		{2BDBD967-4CFE-4DBB-B922-3440E001609D}.Release|Any CPU.Build.0 = Release|Any CPU
		{2BDBD967-4CFE-4DBB-B922-3440E001609D}.Release|Any CPU.Deploy.0 = Release|Any CPU
		{2BDBD967-4CFE-4DBB-B922-3440E001609D}.Release|ARM.ActiveCfg = Release|ARM
		{2BDBD967-4CFE-4DBB-B922-3440E001609D}.Release|ARM.Build.0 = Release|ARM
		{2BDBD967-4CFE-4DBB-B922-3440E001609D}.Release|ARM.Deploy.0 = Release|ARM
		{2BDBD967-4CFE-4DBB-B922-3440E001609D}.Release|iPhone.ActiveCfg = Release|Any CPU
		{2BDBD967-4CFE-4DBB-B922-3440E001609D}.Release|iPhone.Build.0 = Release|Any CPU
		{2BDBD967-4CFE-4DBB-B922-3440E001609D}.Release|iPhone.Deploy.0 = Release|Any CPU
		{2BDBD967-4CFE-4DBB-B922-3440E001609D}.Release|iPhoneSimulator.ActiveCfg = Release|Any CPU
		{2BDBD967-4CFE-4DBB-B922-3440E001609D}.Release|iPhoneSimulator.Build.0 = Release|Any CPU
		{2BDBD967-4CFE-4DBB-B922-3440E001609D}.Release|iPhoneSimulator.Deploy.0 = Release|Any CPU
		{2BDBD967-4CFE-4DBB-B922-3440E001609D}.Release|x64.ActiveCfg = Release|Any CPU
		{2BDBD967-4CFE-4DBB-B922-3440E001609D}.Release|x64.Build.0 = Release|Any CPU
		{2BDBD967-4CFE-4DBB-B922-3440E001609D}.Release|x64.Deploy.0 = Release|Any CPU
		{2BDBD967-4CFE-4DBB-B922-3440E001609D}.Release|x86.ActiveCfg = Release|x86
		{2BDBD967-4CFE-4DBB-B922-3440E001609D}.Release|x86.Build.0 = Release|x86
		{2BDBD967-4CFE-4DBB-B922-3440E001609D}.Release|x86.Deploy.0 = Release|x86
		{060D1593-CC4F-4A88-9E35-5DC8228B996C}.Ad-Hoc|Any CPU.ActiveCfg = Release|Any CPU
		{060D1593-CC4F-4A88-9E35-5DC8228B996C}.Ad-Hoc|Any CPU.Build.0 = Release|Any CPU
		{060D1593-CC4F-4A88-9E35-5DC8228B996C}.Ad-Hoc|Any CPU.Deploy.0 = Release|Any CPU
		{060D1593-CC4F-4A88-9E35-5DC8228B996C}.Ad-Hoc|ARM.ActiveCfg = Release|ARM
		{060D1593-CC4F-4A88-9E35-5DC8228B996C}.Ad-Hoc|ARM.Build.0 = Release|ARM
		{060D1593-CC4F-4A88-9E35-5DC8228B996C}.Ad-Hoc|ARM.Deploy.0 = Release|ARM
		{060D1593-CC4F-4A88-9E35-5DC8228B996C}.Ad-Hoc|iPhone.ActiveCfg = Release|Any CPU
		{060D1593-CC4F-4A88-9E35-5DC8228B996C}.Ad-Hoc|iPhone.Build.0 = Release|Any CPU
		{060D1593-CC4F-4A88-9E35-5DC8228B996C}.Ad-Hoc|iPhone.Deploy.0 = Release|Any CPU
		{060D1593-CC4F-4A88-9E35-5DC8228B996C}.Ad-Hoc|iPhoneSimulator.ActiveCfg = Release|Any CPU
		{060D1593-CC4F-4A88-9E35-5DC8228B996C}.Ad-Hoc|iPhoneSimulator.Build.0 = Release|Any CPU
		{060D1593-CC4F-4A88-9E35-5DC8228B996C}.Ad-Hoc|iPhoneSimulator.Deploy.0 = Release|Any CPU
		{060D1593-CC4F-4A88-9E35-5DC8228B996C}.Ad-Hoc|x64.ActiveCfg = Release|x64
		{060D1593-CC4F-4A88-9E35-5DC8228B996C}.Ad-Hoc|x64.Build.0 = Release|x64
		{060D1593-CC4F-4A88-9E35-5DC8228B996C}.Ad-Hoc|x64.Deploy.0 = Release|x64
		{060D1593-CC4F-4A88-9E35-5DC8228B996C}.Ad-Hoc|x86.ActiveCfg = Release|x86
		{060D1593-CC4F-4A88-9E35-5DC8228B996C}.Ad-Hoc|x86.Build.0 = Release|x86
		{060D1593-CC4F-4A88-9E35-5DC8228B996C}.Ad-Hoc|x86.Deploy.0 = Release|x86
		{060D1593-CC4F-4A88-9E35-5DC8228B996C}.AppStore|Any CPU.ActiveCfg = Release|Any CPU
		{060D1593-CC4F-4A88-9E35-5DC8228B996C}.AppStore|Any CPU.Build.0 = Release|Any CPU
		{060D1593-CC4F-4A88-9E35-5DC8228B996C}.AppStore|Any CPU.Deploy.0 = Release|Any CPU
		{060D1593-CC4F-4A88-9E35-5DC8228B996C}.AppStore|ARM.ActiveCfg = Release|ARM
		{060D1593-CC4F-4A88-9E35-5DC8228B996C}.AppStore|ARM.Build.0 = Release|ARM
		{060D1593-CC4F-4A88-9E35-5DC8228B996C}.AppStore|ARM.Deploy.0 = Release|ARM
		{060D1593-CC4F-4A88-9E35-5DC8228B996C}.AppStore|iPhone.ActiveCfg = Release|Any CPU
		{060D1593-CC4F-4A88-9E35-5DC8228B996C}.AppStore|iPhone.Build.0 = Release|Any CPU
		{060D1593-CC4F-4A88-9E35-5DC8228B996C}.AppStore|iPhone.Deploy.0 = Release|Any CPU
		{060D1593-CC4F-4A88-9E35-5DC8228B996C}.AppStore|iPhoneSimulator.ActiveCfg = Release|Any CPU
		{060D1593-CC4F-4A88-9E35-5DC8228B996C}.AppStore|iPhoneSimulator.Build.0 = Release|Any CPU
		{060D1593-CC4F-4A88-9E35-5DC8228B996C}.AppStore|iPhoneSimulator.Deploy.0 = Release|Any CPU
		{060D1593-CC4F-4A88-9E35-5DC8228B996C}.AppStore|x64.ActiveCfg = Release|x64
		{060D1593-CC4F-4A88-9E35-5DC8228B996C}.AppStore|x64.Build.0 = Release|x64
		{060D1593-CC4F-4A88-9E35-5DC8228B996C}.AppStore|x64.Deploy.0 = Release|x64
		{060D1593-CC4F-4A88-9E35-5DC8228B996C}.AppStore|x86.ActiveCfg = Release|x86
		{060D1593-CC4F-4A88-9E35-5DC8228B996C}.AppStore|x86.Build.0 = Release|x86
		{060D1593-CC4F-4A88-9E35-5DC8228B996C}.AppStore|x86.Deploy.0 = Release|x86
		{060D1593-CC4F-4A88-9E35-5DC8228B996C}.Debug|Any CPU.ActiveCfg = Debug|Any CPU
		{060D1593-CC4F-4A88-9E35-5DC8228B996C}.Debug|Any CPU.Build.0 = Debug|Any CPU
		{060D1593-CC4F-4A88-9E35-5DC8228B996C}.Debug|Any CPU.Deploy.0 = Debug|Any CPU
		{060D1593-CC4F-4A88-9E35-5DC8228B996C}.Debug|ARM.ActiveCfg = Debug|ARM
		{060D1593-CC4F-4A88-9E35-5DC8228B996C}.Debug|ARM.Build.0 = Debug|ARM
		{060D1593-CC4F-4A88-9E35-5DC8228B996C}.Debug|ARM.Deploy.0 = Debug|ARM
		{060D1593-CC4F-4A88-9E35-5DC8228B996C}.Debug|iPhone.ActiveCfg = Debug|Any CPU
		{060D1593-CC4F-4A88-9E35-5DC8228B996C}.Debug|iPhone.Build.0 = Debug|Any CPU
		{060D1593-CC4F-4A88-9E35-5DC8228B996C}.Debug|iPhone.Deploy.0 = Debug|Any CPU
		{060D1593-CC4F-4A88-9E35-5DC8228B996C}.Debug|iPhoneSimulator.ActiveCfg = Debug|Any CPU
		{060D1593-CC4F-4A88-9E35-5DC8228B996C}.Debug|iPhoneSimulator.Build.0 = Debug|Any CPU
		{060D1593-CC4F-4A88-9E35-5DC8228B996C}.Debug|iPhoneSimulator.Deploy.0 = Debug|Any CPU
		{060D1593-CC4F-4A88-9E35-5DC8228B996C}.Debug|x64.ActiveCfg = Debug|x64
		{060D1593-CC4F-4A88-9E35-5DC8228B996C}.Debug|x64.Build.0 = Debug|x64
		{060D1593-CC4F-4A88-9E35-5DC8228B996C}.Debug|x64.Deploy.0 = Debug|x64
		{060D1593-CC4F-4A88-9E35-5DC8228B996C}.Debug|x86.ActiveCfg = Debug|x86
		{060D1593-CC4F-4A88-9E35-5DC8228B996C}.Debug|x86.Build.0 = Debug|x86
		{060D1593-CC4F-4A88-9E35-5DC8228B996C}.Debug|x86.Deploy.0 = Debug|x86
		{060D1593-CC4F-4A88-9E35-5DC8228B996C}.Release|Any CPU.ActiveCfg = Release|Any CPU
		{060D1593-CC4F-4A88-9E35-5DC8228B996C}.Release|Any CPU.Build.0 = Release|Any CPU
		{060D1593-CC4F-4A88-9E35-5DC8228B996C}.Release|Any CPU.Deploy.0 = Release|Any CPU
		{060D1593-CC4F-4A88-9E35-5DC8228B996C}.Release|ARM.ActiveCfg = Release|ARM
		{060D1593-CC4F-4A88-9E35-5DC8228B996C}.Release|ARM.Build.0 = Release|ARM
		{060D1593-CC4F-4A88-9E35-5DC8228B996C}.Release|ARM.Deploy.0 = Release|ARM
		{060D1593-CC4F-4A88-9E35-5DC8228B996C}.Release|iPhone.ActiveCfg = Release|Any CPU
		{060D1593-CC4F-4A88-9E35-5DC8228B996C}.Release|iPhone.Build.0 = Release|Any CPU
		{060D1593-CC4F-4A88-9E35-5DC8228B996C}.Release|iPhone.Deploy.0 = Release|Any CPU
		{060D1593-CC4F-4A88-9E35-5DC8228B996C}.Release|iPhoneSimulator.ActiveCfg = Release|Any CPU
		{060D1593-CC4F-4A88-9E35-5DC8228B996C}.Release|iPhoneSimulator.Build.0 = Release|Any CPU
		{060D1593-CC4F-4A88-9E35-5DC8228B996C}.Release|iPhoneSimulator.Deploy.0 = Release|Any CPU
		{060D1593-CC4F-4A88-9E35-5DC8228B996C}.Release|x64.ActiveCfg = Release|x64
		{060D1593-CC4F-4A88-9E35-5DC8228B996C}.Release|x64.Build.0 = Release|x64
		{060D1593-CC4F-4A88-9E35-5DC8228B996C}.Release|x64.Deploy.0 = Release|x64
		{060D1593-CC4F-4A88-9E35-5DC8228B996C}.Release|x86.ActiveCfg = Release|x86
		{060D1593-CC4F-4A88-9E35-5DC8228B996C}.Release|x86.Build.0 = Release|x86
		{060D1593-CC4F-4A88-9E35-5DC8228B996C}.Release|x86.Deploy.0 = Release|x86
		{E0D1ADE4-E95E-4C79-87C0-580858EC6D36}.Ad-Hoc|Any CPU.ActiveCfg = Release|Any CPU
		{E0D1ADE4-E95E-4C79-87C0-580858EC6D36}.Ad-Hoc|Any CPU.Build.0 = Release|Any CPU
		{E0D1ADE4-E95E-4C79-87C0-580858EC6D36}.Ad-Hoc|ARM.ActiveCfg = Release|Any CPU
		{E0D1ADE4-E95E-4C79-87C0-580858EC6D36}.Ad-Hoc|ARM.Build.0 = Release|Any CPU
		{E0D1ADE4-E95E-4C79-87C0-580858EC6D36}.Ad-Hoc|iPhone.ActiveCfg = Release|Any CPU
		{E0D1ADE4-E95E-4C79-87C0-580858EC6D36}.Ad-Hoc|iPhone.Build.0 = Release|Any CPU
		{E0D1ADE4-E95E-4C79-87C0-580858EC6D36}.Ad-Hoc|iPhoneSimulator.ActiveCfg = Release|Any CPU
		{E0D1ADE4-E95E-4C79-87C0-580858EC6D36}.Ad-Hoc|iPhoneSimulator.Build.0 = Release|Any CPU
		{E0D1ADE4-E95E-4C79-87C0-580858EC6D36}.Ad-Hoc|x64.ActiveCfg = Release|Any CPU
		{E0D1ADE4-E95E-4C79-87C0-580858EC6D36}.Ad-Hoc|x64.Build.0 = Release|Any CPU
		{E0D1ADE4-E95E-4C79-87C0-580858EC6D36}.Ad-Hoc|x86.ActiveCfg = Release|Any CPU
		{E0D1ADE4-E95E-4C79-87C0-580858EC6D36}.Ad-Hoc|x86.Build.0 = Release|Any CPU
		{E0D1ADE4-E95E-4C79-87C0-580858EC6D36}.AppStore|Any CPU.ActiveCfg = Release|Any CPU
		{E0D1ADE4-E95E-4C79-87C0-580858EC6D36}.AppStore|Any CPU.Build.0 = Release|Any CPU
		{E0D1ADE4-E95E-4C79-87C0-580858EC6D36}.AppStore|ARM.ActiveCfg = Release|Any CPU
		{E0D1ADE4-E95E-4C79-87C0-580858EC6D36}.AppStore|ARM.Build.0 = Release|Any CPU
		{E0D1ADE4-E95E-4C79-87C0-580858EC6D36}.AppStore|iPhone.ActiveCfg = Release|Any CPU
		{E0D1ADE4-E95E-4C79-87C0-580858EC6D36}.AppStore|iPhone.Build.0 = Release|Any CPU
		{E0D1ADE4-E95E-4C79-87C0-580858EC6D36}.AppStore|iPhoneSimulator.ActiveCfg = Release|Any CPU
		{E0D1ADE4-E95E-4C79-87C0-580858EC6D36}.AppStore|iPhoneSimulator.Build.0 = Release|Any CPU
		{E0D1ADE4-E95E-4C79-87C0-580858EC6D36}.AppStore|x64.ActiveCfg = Release|Any CPU
		{E0D1ADE4-E95E-4C79-87C0-580858EC6D36}.AppStore|x64.Build.0 = Release|Any CPU
		{E0D1ADE4-E95E-4C79-87C0-580858EC6D36}.AppStore|x86.ActiveCfg = Release|Any CPU
		{E0D1ADE4-E95E-4C79-87C0-580858EC6D36}.AppStore|x86.Build.0 = Release|Any CPU
		{E0D1ADE4-E95E-4C79-87C0-580858EC6D36}.Debug|Any CPU.ActiveCfg = Debug|Any CPU
		{E0D1ADE4-E95E-4C79-87C0-580858EC6D36}.Debug|Any CPU.Build.0 = Debug|Any CPU
		{E0D1ADE4-E95E-4C79-87C0-580858EC6D36}.Debug|ARM.ActiveCfg = Debug|Any CPU
		{E0D1ADE4-E95E-4C79-87C0-580858EC6D36}.Debug|ARM.Build.0 = Debug|Any CPU
		{E0D1ADE4-E95E-4C79-87C0-580858EC6D36}.Debug|iPhone.ActiveCfg = Debug|Any CPU
		{E0D1ADE4-E95E-4C79-87C0-580858EC6D36}.Debug|iPhone.Build.0 = Debug|Any CPU
		{E0D1ADE4-E95E-4C79-87C0-580858EC6D36}.Debug|iPhoneSimulator.ActiveCfg = Debug|Any CPU
		{E0D1ADE4-E95E-4C79-87C0-580858EC6D36}.Debug|iPhoneSimulator.Build.0 = Debug|Any CPU
		{E0D1ADE4-E95E-4C79-87C0-580858EC6D36}.Debug|x64.ActiveCfg = Debug|Any CPU
		{E0D1ADE4-E95E-4C79-87C0-580858EC6D36}.Debug|x64.Build.0 = Debug|Any CPU
		{E0D1ADE4-E95E-4C79-87C0-580858EC6D36}.Debug|x86.ActiveCfg = Debug|Any CPU
		{E0D1ADE4-E95E-4C79-87C0-580858EC6D36}.Debug|x86.Build.0 = Debug|Any CPU
		{E0D1ADE4-E95E-4C79-87C0-580858EC6D36}.Release|Any CPU.ActiveCfg = Release|Any CPU
		{E0D1ADE4-E95E-4C79-87C0-580858EC6D36}.Release|Any CPU.Build.0 = Release|Any CPU
		{E0D1ADE4-E95E-4C79-87C0-580858EC6D36}.Release|ARM.ActiveCfg = Release|Any CPU
		{E0D1ADE4-E95E-4C79-87C0-580858EC6D36}.Release|ARM.Build.0 = Release|Any CPU
		{E0D1ADE4-E95E-4C79-87C0-580858EC6D36}.Release|iPhone.ActiveCfg = Release|Any CPU
		{E0D1ADE4-E95E-4C79-87C0-580858EC6D36}.Release|iPhone.Build.0 = Release|Any CPU
		{E0D1ADE4-E95E-4C79-87C0-580858EC6D36}.Release|iPhoneSimulator.ActiveCfg = Release|Any CPU
		{E0D1ADE4-E95E-4C79-87C0-580858EC6D36}.Release|iPhoneSimulator.Build.0 = Release|Any CPU
		{E0D1ADE4-E95E-4C79-87C0-580858EC6D36}.Release|x64.ActiveCfg = Release|Any CPU
		{E0D1ADE4-E95E-4C79-87C0-580858EC6D36}.Release|x64.Build.0 = Release|Any CPU
		{E0D1ADE4-E95E-4C79-87C0-580858EC6D36}.Release|x86.ActiveCfg = Release|Any CPU
		{E0D1ADE4-E95E-4C79-87C0-580858EC6D36}.Release|x86.Build.0 = Release|Any CPU
	EndGlobalSection
	GlobalSection(SolutionProperties) = preSolution
		HideSolutionNode = FALSE
	EndGlobalSection
EndGlobal
