
Microsoft Visual Studio Solution File, Format Version 12.00
# Visual Studio 14
VisualStudioVersion = 14.0.25420.1
MinimumVisualStudioVersion = 10.0.40219.1
Project("{FAE04EC0-301F-11D3-BF4B-00C04F79EFBC}") = "eMotion_xamerin.Droid", "eMotion_xamerin\eMotion_xamerin.Droid\eMotion_xamerin.Droid.csproj", "{FFC48263-DBD3-46D4-B412-9E775BD240E5}"
EndProject
Project("{FAE04EC0-301F-11D3-BF4B-00C04F79EFBC}") = "eMotion_xamerin.iOS", "eMotion_xamerin\eMotion_xamerin.iOS\eMotion_xamerin.iOS.csproj", "{3D92003C-31AC-404F-AC4A-58E6C35D5B68}"
EndProject
Project("{FAE04EC0-301F-11D3-BF4B-00C04F79EFBC}") = "eMotion_xamerin.WinPhone", "eMotion_xamerin\eMotion_xamerin.WinPhone\eMotion_xamerin.WinPhone.csproj", "{52956F50-1EE5-4132-A001-701320797896}"
EndProject
Project("{FAE04EC0-301F-11D3-BF4B-00C04F79EFBC}") = "eMotion_xamerin.UWP", "eMotion_xamerin\eMotion_xamerin.UWP\eMotion_xamerin.UWP.csproj", "{6B03E6E7-9C49-4CE4-AF5C-031A5E15DD89}"
EndProject
Project("{FAE04EC0-301F-11D3-BF4B-00C04F79EFBC}") = "eMotion_xamerin.Windows", "eMotion_xamerin\eMotion_xamerin.Windows\eMotion_xamerin.Windows.csproj", "{3A358B13-A9DC-47D3-9745-3FD2DBFA3B20}"
EndProject
Project("{FAE04EC0-301F-11D3-BF4B-00C04F79EFBC}") = "eMotion_xamerin", "eMotion_xamerin\eMotion_xamerin\eMotion_xamerin.csproj", "{0FE9373C-808E-4388-9A33-0F8C0B06D004}"
EndProject
Project("{FAE04EC0-301F-11D3-BF4B-00C04F79EFBC}") = "eMotion.DomainClasses", "eMotion.DomainClasses\eMotion.DomainClasses.csproj", "{D7E84DCC-26DA-48FA-87AB-980E8B412792}"
EndProject
Global
	GlobalSection(SolutionConfigurationPlatforms) = preSolution
		Ad-Hoc|Any CPU = Ad-Hoc|Any CPU
		Ad-Hoc|ARM = Ad-Hoc|ARM
		Ad-Hoc|iPhone = Ad-Hoc|iPhone
		Ad-Hoc|iPhoneSimulator = Ad-Hoc|iPhoneSimulator
		Ad-Hoc|x64 = Ad-Hoc|x64
		Ad-Hoc|x86 = Ad-Hoc|x86
		AppStore|Any CPU = AppStore|Any CPU
		AppStore|ARM = AppStore|ARM
		AppStore|iPhone = AppStore|iPhone
		AppStore|iPhoneSimulator = AppStore|iPhoneSimulator
		AppStore|x64 = AppStore|x64
		AppStore|x86 = AppStore|x86
		Debug|Any CPU = Debug|Any CPU
		Debug|ARM = Debug|ARM
		Debug|iPhone = Debug|iPhone
		Debug|iPhoneSimulator = Debug|iPhoneSimulator
		Debug|x64 = Debug|x64
		Debug|x86 = Debug|x86
		Release|Any CPU = Release|Any CPU
		Release|ARM = Release|ARM
		Release|iPhone = Release|iPhone
		Release|iPhoneSimulator = Release|iPhoneSimulator
		Release|x64 = Release|x64
		Release|x86 = Release|x86
	EndGlobalSection
	GlobalSection(ProjectConfigurationPlatforms) = postSolution
		{FFC48263-DBD3-46D4-B412-9E775BD240E5}.Ad-Hoc|Any CPU.ActiveCfg = Release|Any CPU
		{FFC48263-DBD3-46D4-B412-9E775BD240E5}.Ad-Hoc|Any CPU.Build.0 = Release|Any CPU
		{FFC48263-DBD3-46D4-B412-9E775BD240E5}.Ad-Hoc|Any CPU.Deploy.0 = Release|Any CPU
		{FFC48263-DBD3-46D4-B412-9E775BD240E5}.Ad-Hoc|ARM.ActiveCfg = Release|Any CPU
		{FFC48263-DBD3-46D4-B412-9E775BD240E5}.Ad-Hoc|ARM.Build.0 = Release|Any CPU
		{FFC48263-DBD3-46D4-B412-9E775BD240E5}.Ad-Hoc|ARM.Deploy.0 = Release|Any CPU
		{FFC48263-DBD3-46D4-B412-9E775BD240E5}.Ad-Hoc|iPhone.ActiveCfg = Release|Any CPU
		{FFC48263-DBD3-46D4-B412-9E775BD240E5}.Ad-Hoc|iPhone.Build.0 = Release|Any CPU
		{FFC48263-DBD3-46D4-B412-9E775BD240E5}.Ad-Hoc|iPhone.Deploy.0 = Release|Any CPU
		{FFC48263-DBD3-46D4-B412-9E775BD240E5}.Ad-Hoc|iPhoneSimulator.ActiveCfg = Release|Any CPU
		{FFC48263-DBD3-46D4-B412-9E775BD240E5}.Ad-Hoc|iPhoneSimulator.Build.0 = Release|Any CPU
		{FFC48263-DBD3-46D4-B412-9E775BD240E5}.Ad-Hoc|iPhoneSimulator.Deploy.0 = Release|Any CPU
		{FFC48263-DBD3-46D4-B412-9E775BD240E5}.Ad-Hoc|x64.ActiveCfg = Release|Any CPU
		{FFC48263-DBD3-46D4-B412-9E775BD240E5}.Ad-Hoc|x64.Build.0 = Release|Any CPU
		{FFC48263-DBD3-46D4-B412-9E775BD240E5}.Ad-Hoc|x64.Deploy.0 = Release|Any CPU
		{FFC48263-DBD3-46D4-B412-9E775BD240E5}.Ad-Hoc|x86.ActiveCfg = Release|Any CPU
		{FFC48263-DBD3-46D4-B412-9E775BD240E5}.Ad-Hoc|x86.Build.0 = Release|Any CPU
		{FFC48263-DBD3-46D4-B412-9E775BD240E5}.Ad-Hoc|x86.Deploy.0 = Release|Any CPU
		{FFC48263-DBD3-46D4-B412-9E775BD240E5}.AppStore|Any CPU.ActiveCfg = Release|Any CPU
		{FFC48263-DBD3-46D4-B412-9E775BD240E5}.AppStore|Any CPU.Build.0 = Release|Any CPU
		{FFC48263-DBD3-46D4-B412-9E775BD240E5}.AppStore|Any CPU.Deploy.0 = Release|Any CPU
		{FFC48263-DBD3-46D4-B412-9E775BD240E5}.AppStore|ARM.ActiveCfg = Release|Any CPU
		{FFC48263-DBD3-46D4-B412-9E775BD240E5}.AppStore|ARM.Build.0 = Release|Any CPU
		{FFC48263-DBD3-46D4-B412-9E775BD240E5}.AppStore|ARM.Deploy.0 = Release|Any CPU
		{FFC48263-DBD3-46D4-B412-9E775BD240E5}.AppStore|iPhone.ActiveCfg = Release|Any CPU
		{FFC48263-DBD3-46D4-B412-9E775BD240E5}.AppStore|iPhone.Build.0 = Release|Any CPU
		{FFC48263-DBD3-46D4-B412-9E775BD240E5}.AppStore|iPhone.Deploy.0 = Release|Any CPU
		{FFC48263-DBD3-46D4-B412-9E775BD240E5}.AppStore|iPhoneSimulator.ActiveCfg = Release|Any CPU
		{FFC48263-DBD3-46D4-B412-9E775BD240E5}.AppStore|iPhoneSimulator.Build.0 = Release|Any CPU
		{FFC48263-DBD3-46D4-B412-9E775BD240E5}.AppStore|iPhoneSimulator.Deploy.0 = Release|Any CPU
		{FFC48263-DBD3-46D4-B412-9E775BD240E5}.AppStore|x64.ActiveCfg = Release|Any CPU
		{FFC48263-DBD3-46D4-B412-9E775BD240E5}.AppStore|x64.Build.0 = Release|Any CPU
		{FFC48263-DBD3-46D4-B412-9E775BD240E5}.AppStore|x64.Deploy.0 = Release|Any CPU
		{FFC48263-DBD3-46D4-B412-9E775BD240E5}.AppStore|x86.ActiveCfg = Release|Any CPU
		{FFC48263-DBD3-46D4-B412-9E775BD240E5}.AppStore|x86.Build.0 = Release|Any CPU
		{FFC48263-DBD3-46D4-B412-9E775BD240E5}.AppStore|x86.Deploy.0 = Release|Any CPU
		{FFC48263-DBD3-46D4-B412-9E775BD240E5}.Debug|Any CPU.ActiveCfg = Debug|Any CPU
		{FFC48263-DBD3-46D4-B412-9E775BD240E5}.Debug|Any CPU.Build.0 = Debug|Any CPU
		{FFC48263-DBD3-46D4-B412-9E775BD240E5}.Debug|Any CPU.Deploy.0 = Debug|Any CPU
		{FFC48263-DBD3-46D4-B412-9E775BD240E5}.Debug|ARM.ActiveCfg = Debug|Any CPU
		{FFC48263-DBD3-46D4-B412-9E775BD240E5}.Debug|ARM.Build.0 = Debug|Any CPU
		{FFC48263-DBD3-46D4-B412-9E775BD240E5}.Debug|ARM.Deploy.0 = Debug|Any CPU
		{FFC48263-DBD3-46D4-B412-9E775BD240E5}.Debug|iPhone.ActiveCfg = Debug|Any CPU
		{FFC48263-DBD3-46D4-B412-9E775BD240E5}.Debug|iPhone.Build.0 = Debug|Any CPU
		{FFC48263-DBD3-46D4-B412-9E775BD240E5}.Debug|iPhone.Deploy.0 = Debug|Any CPU
		{FFC48263-DBD3-46D4-B412-9E775BD240E5}.Debug|iPhoneSimulator.ActiveCfg = Debug|Any CPU
		{FFC48263-DBD3-46D4-B412-9E775BD240E5}.Debug|iPhoneSimulator.Build.0 = Debug|Any CPU
		{FFC48263-DBD3-46D4-B412-9E775BD240E5}.Debug|iPhoneSimulator.Deploy.0 = Debug|Any CPU
		{FFC48263-DBD3-46D4-B412-9E775BD240E5}.Debug|x64.ActiveCfg = Debug|Any CPU
		{FFC48263-DBD3-46D4-B412-9E775BD240E5}.Debug|x64.Build.0 = Debug|Any CPU
		{FFC48263-DBD3-46D4-B412-9E775BD240E5}.Debug|x64.Deploy.0 = Debug|Any CPU
		{FFC48263-DBD3-46D4-B412-9E775BD240E5}.Debug|x86.ActiveCfg = Debug|Any CPU
		{FFC48263-DBD3-46D4-B412-9E775BD240E5}.Debug|x86.Build.0 = Debug|Any CPU
		{FFC48263-DBD3-46D4-B412-9E775BD240E5}.Debug|x86.Deploy.0 = Debug|Any CPU
		{FFC48263-DBD3-46D4-B412-9E775BD240E5}.Release|Any CPU.ActiveCfg = Release|Any CPU
		{FFC48263-DBD3-46D4-B412-9E775BD240E5}.Release|Any CPU.Build.0 = Release|Any CPU
		{FFC48263-DBD3-46D4-B412-9E775BD240E5}.Release|Any CPU.Deploy.0 = Release|Any CPU
		{FFC48263-DBD3-46D4-B412-9E775BD240E5}.Release|ARM.ActiveCfg = Release|Any CPU
		{FFC48263-DBD3-46D4-B412-9E775BD240E5}.Release|ARM.Build.0 = Release|Any CPU
		{FFC48263-DBD3-46D4-B412-9E775BD240E5}.Release|ARM.Deploy.0 = Release|Any CPU
		{FFC48263-DBD3-46D4-B412-9E775BD240E5}.Release|iPhone.ActiveCfg = Release|Any CPU
		{FFC48263-DBD3-46D4-B412-9E775BD240E5}.Release|iPhone.Build.0 = Release|Any CPU
		{FFC48263-DBD3-46D4-B412-9E775BD240E5}.Release|iPhone.Deploy.0 = Release|Any CPU
		{FFC48263-DBD3-46D4-B412-9E775BD240E5}.Release|iPhoneSimulator.ActiveCfg = Release|Any CPU
		{FFC48263-DBD3-46D4-B412-9E775BD240E5}.Release|iPhoneSimulator.Build.0 = Release|Any CPU
		{FFC48263-DBD3-46D4-B412-9E775BD240E5}.Release|iPhoneSimulator.Deploy.0 = Release|Any CPU
		{FFC48263-DBD3-46D4-B412-9E775BD240E5}.Release|x64.ActiveCfg = Release|Any CPU
		{FFC48263-DBD3-46D4-B412-9E775BD240E5}.Release|x64.Build.0 = Release|Any CPU
		{FFC48263-DBD3-46D4-B412-9E775BD240E5}.Release|x64.Deploy.0 = Release|Any CPU
		{FFC48263-DBD3-46D4-B412-9E775BD240E5}.Release|x86.ActiveCfg = Release|Any CPU
		{FFC48263-DBD3-46D4-B412-9E775BD240E5}.Release|x86.Build.0 = Release|Any CPU
		{FFC48263-DBD3-46D4-B412-9E775BD240E5}.Release|x86.Deploy.0 = Release|Any CPU
		{3D92003C-31AC-404F-AC4A-58E6C35D5B68}.Ad-Hoc|Any CPU.ActiveCfg = Ad-Hoc|iPhone
		{3D92003C-31AC-404F-AC4A-58E6C35D5B68}.Ad-Hoc|ARM.ActiveCfg = Ad-Hoc|iPhone
		{3D92003C-31AC-404F-AC4A-58E6C35D5B68}.Ad-Hoc|iPhone.ActiveCfg = Ad-Hoc|iPhone
		{3D92003C-31AC-404F-AC4A-58E6C35D5B68}.Ad-Hoc|iPhone.Build.0 = Ad-Hoc|iPhone
		{3D92003C-31AC-404F-AC4A-58E6C35D5B68}.Ad-Hoc|iPhoneSimulator.ActiveCfg = Ad-Hoc|iPhoneSimulator
		{3D92003C-31AC-404F-AC4A-58E6C35D5B68}.Ad-Hoc|iPhoneSimulator.Build.0 = Ad-Hoc|iPhoneSimulator
		{3D92003C-31AC-404F-AC4A-58E6C35D5B68}.Ad-Hoc|x64.ActiveCfg = Ad-Hoc|iPhone
		{3D92003C-31AC-404F-AC4A-58E6C35D5B68}.Ad-Hoc|x86.ActiveCfg = Ad-Hoc|iPhone
		{3D92003C-31AC-404F-AC4A-58E6C35D5B68}.AppStore|Any CPU.ActiveCfg = AppStore|iPhone
		{3D92003C-31AC-404F-AC4A-58E6C35D5B68}.AppStore|ARM.ActiveCfg = AppStore|iPhone
		{3D92003C-31AC-404F-AC4A-58E6C35D5B68}.AppStore|iPhone.ActiveCfg = AppStore|iPhone
		{3D92003C-31AC-404F-AC4A-58E6C35D5B68}.AppStore|iPhone.Build.0 = AppStore|iPhone
		{3D92003C-31AC-404F-AC4A-58E6C35D5B68}.AppStore|iPhoneSimulator.ActiveCfg = AppStore|iPhoneSimulator
		{3D92003C-31AC-404F-AC4A-58E6C35D5B68}.AppStore|iPhoneSimulator.Build.0 = AppStore|iPhoneSimulator
		{3D92003C-31AC-404F-AC4A-58E6C35D5B68}.AppStore|x64.ActiveCfg = AppStore|iPhone
		{3D92003C-31AC-404F-AC4A-58E6C35D5B68}.AppStore|x86.ActiveCfg = AppStore|iPhone
		{3D92003C-31AC-404F-AC4A-58E6C35D5B68}.Debug|Any CPU.ActiveCfg = Debug|iPhone
		{3D92003C-31AC-404F-AC4A-58E6C35D5B68}.Debug|ARM.ActiveCfg = Debug|iPhone
		{3D92003C-31AC-404F-AC4A-58E6C35D5B68}.Debug|iPhone.ActiveCfg = Debug|iPhone
		{3D92003C-31AC-404F-AC4A-58E6C35D5B68}.Debug|iPhone.Build.0 = Debug|iPhone
		{3D92003C-31AC-404F-AC4A-58E6C35D5B68}.Debug|iPhoneSimulator.ActiveCfg = Debug|iPhoneSimulator
		{3D92003C-31AC-404F-AC4A-58E6C35D5B68}.Debug|iPhoneSimulator.Build.0 = Debug|iPhoneSimulator
		{3D92003C-31AC-404F-AC4A-58E6C35D5B68}.Debug|x64.ActiveCfg = Debug|iPhone
		{3D92003C-31AC-404F-AC4A-58E6C35D5B68}.Debug|x86.ActiveCfg = Debug|iPhone
		{3D92003C-31AC-404F-AC4A-58E6C35D5B68}.Release|Any CPU.ActiveCfg = Release|iPhone
		{3D92003C-31AC-404F-AC4A-58E6C35D5B68}.Release|ARM.ActiveCfg = Release|iPhone
		{3D92003C-31AC-404F-AC4A-58E6C35D5B68}.Release|iPhone.ActiveCfg = Release|iPhone
		{3D92003C-31AC-404F-AC4A-58E6C35D5B68}.Release|iPhone.Build.0 = Release|iPhone
		{3D92003C-31AC-404F-AC4A-58E6C35D5B68}.Release|iPhoneSimulator.ActiveCfg = Release|iPhoneSimulator
		{3D92003C-31AC-404F-AC4A-58E6C35D5B68}.Release|iPhoneSimulator.Build.0 = Release|iPhoneSimulator
		{3D92003C-31AC-404F-AC4A-58E6C35D5B68}.Release|x64.ActiveCfg = Release|iPhone
		{3D92003C-31AC-404F-AC4A-58E6C35D5B68}.Release|x86.ActiveCfg = Release|iPhone
		{52956F50-1EE5-4132-A001-701320797896}.Ad-Hoc|Any CPU.ActiveCfg = Release|Any CPU
		{52956F50-1EE5-4132-A001-701320797896}.Ad-Hoc|Any CPU.Build.0 = Release|Any CPU
		{52956F50-1EE5-4132-A001-701320797896}.Ad-Hoc|Any CPU.Deploy.0 = Release|Any CPU
		{52956F50-1EE5-4132-A001-701320797896}.Ad-Hoc|ARM.ActiveCfg = Release|ARM
		{52956F50-1EE5-4132-A001-701320797896}.Ad-Hoc|ARM.Build.0 = Release|ARM
		{52956F50-1EE5-4132-A001-701320797896}.Ad-Hoc|ARM.Deploy.0 = Release|ARM
		{52956F50-1EE5-4132-A001-701320797896}.Ad-Hoc|iPhone.ActiveCfg = Release|Any CPU
		{52956F50-1EE5-4132-A001-701320797896}.Ad-Hoc|iPhone.Build.0 = Release|Any CPU
		{52956F50-1EE5-4132-A001-701320797896}.Ad-Hoc|iPhone.Deploy.0 = Release|Any CPU
		{52956F50-1EE5-4132-A001-701320797896}.Ad-Hoc|iPhoneSimulator.ActiveCfg = Release|Any CPU
		{52956F50-1EE5-4132-A001-701320797896}.Ad-Hoc|iPhoneSimulator.Build.0 = Release|Any CPU
		{52956F50-1EE5-4132-A001-701320797896}.Ad-Hoc|iPhoneSimulator.Deploy.0 = Release|Any CPU
		{52956F50-1EE5-4132-A001-701320797896}.Ad-Hoc|x64.ActiveCfg = Release|Any CPU
		{52956F50-1EE5-4132-A001-701320797896}.Ad-Hoc|x64.Build.0 = Release|Any CPU
		{52956F50-1EE5-4132-A001-701320797896}.Ad-Hoc|x64.Deploy.0 = Release|Any CPU
		{52956F50-1EE5-4132-A001-701320797896}.Ad-Hoc|x86.ActiveCfg = Release|x86
		{52956F50-1EE5-4132-A001-701320797896}.Ad-Hoc|x86.Build.0 = Release|x86
		{52956F50-1EE5-4132-A001-701320797896}.Ad-Hoc|x86.Deploy.0 = Release|x86
		{52956F50-1EE5-4132-A001-701320797896}.AppStore|Any CPU.ActiveCfg = Release|Any CPU
		{52956F50-1EE5-4132-A001-701320797896}.AppStore|Any CPU.Build.0 = Release|Any CPU
		{52956F50-1EE5-4132-A001-701320797896}.AppStore|Any CPU.Deploy.0 = Release|Any CPU
		{52956F50-1EE5-4132-A001-701320797896}.AppStore|ARM.ActiveCfg = Release|ARM
		{52956F50-1EE5-4132-A001-701320797896}.AppStore|ARM.Build.0 = Release|ARM
		{52956F50-1EE5-4132-A001-701320797896}.AppStore|ARM.Deploy.0 = Release|ARM
		{52956F50-1EE5-4132-A001-701320797896}.AppStore|iPhone.ActiveCfg = Release|Any CPU
		{52956F50-1EE5-4132-A001-701320797896}.AppStore|iPhone.Build.0 = Release|Any CPU
		{52956F50-1EE5-4132-A001-701320797896}.AppStore|iPhone.Deploy.0 = Release|Any CPU
		{52956F50-1EE5-4132-A001-701320797896}.AppStore|iPhoneSimulator.ActiveCfg = Release|Any CPU
		{52956F50-1EE5-4132-A001-701320797896}.AppStore|iPhoneSimulator.Build.0 = Release|Any CPU
		{52956F50-1EE5-4132-A001-701320797896}.AppStore|iPhoneSimulator.Deploy.0 = Release|Any CPU
		{52956F50-1EE5-4132-A001-701320797896}.AppStore|x64.ActiveCfg = Release|Any CPU
		{52956F50-1EE5-4132-A001-701320797896}.AppStore|x64.Build.0 = Release|Any CPU
		{52956F50-1EE5-4132-A001-701320797896}.AppStore|x64.Deploy.0 = Release|Any CPU
		{52956F50-1EE5-4132-A001-701320797896}.AppStore|x86.ActiveCfg = Release|x86
		{52956F50-1EE5-4132-A001-701320797896}.AppStore|x86.Build.0 = Release|x86
		{52956F50-1EE5-4132-A001-701320797896}.AppStore|x86.Deploy.0 = Release|x86
		{52956F50-1EE5-4132-A001-701320797896}.Debug|Any CPU.ActiveCfg = Debug|Any CPU
		{52956F50-1EE5-4132-A001-701320797896}.Debug|Any CPU.Build.0 = Debug|Any CPU
		{52956F50-1EE5-4132-A001-701320797896}.Debug|Any CPU.Deploy.0 = Debug|Any CPU
		{52956F50-1EE5-4132-A001-701320797896}.Debug|ARM.ActiveCfg = Debug|ARM
		{52956F50-1EE5-4132-A001-701320797896}.Debug|ARM.Build.0 = Debug|ARM
		{52956F50-1EE5-4132-A001-701320797896}.Debug|ARM.Deploy.0 = Debug|ARM
		{52956F50-1EE5-4132-A001-701320797896}.Debug|iPhone.ActiveCfg = Debug|Any CPU
		{52956F50-1EE5-4132-A001-701320797896}.Debug|iPhone.Build.0 = Debug|Any CPU
		{52956F50-1EE5-4132-A001-701320797896}.Debug|iPhone.Deploy.0 = Debug|Any CPU
		{52956F50-1EE5-4132-A001-701320797896}.Debug|iPhoneSimulator.ActiveCfg = Debug|Any CPU
		{52956F50-1EE5-4132-A001-701320797896}.Debug|iPhoneSimulator.Build.0 = Debug|Any CPU
		{52956F50-1EE5-4132-A001-701320797896}.Debug|iPhoneSimulator.Deploy.0 = Debug|Any CPU
		{52956F50-1EE5-4132-A001-701320797896}.Debug|x64.ActiveCfg = Debug|Any CPU
		{52956F50-1EE5-4132-A001-701320797896}.Debug|x64.Build.0 = Debug|Any CPU
		{52956F50-1EE5-4132-A001-701320797896}.Debug|x64.Deploy.0 = Debug|Any CPU
		{52956F50-1EE5-4132-A001-701320797896}.Debug|x86.ActiveCfg = Debug|x86
		{52956F50-1EE5-4132-A001-701320797896}.Debug|x86.Build.0 = Debug|x86
		{52956F50-1EE5-4132-A001-701320797896}.Debug|x86.Deploy.0 = Debug|x86
		{52956F50-1EE5-4132-A001-701320797896}.Release|Any CPU.ActiveCfg = Release|Any CPU
		{52956F50-1EE5-4132-A001-701320797896}.Release|Any CPU.Build.0 = Release|Any CPU
		{52956F50-1EE5-4132-A001-701320797896}.Release|Any CPU.Deploy.0 = Release|Any CPU
		{52956F50-1EE5-4132-A001-701320797896}.Release|ARM.ActiveCfg = Release|ARM
		{52956F50-1EE5-4132-A001-701320797896}.Release|ARM.Build.0 = Release|ARM
		{52956F50-1EE5-4132-A001-701320797896}.Release|ARM.Deploy.0 = Release|ARM
		{52956F50-1EE5-4132-A001-701320797896}.Release|iPhone.ActiveCfg = Release|Any CPU
		{52956F50-1EE5-4132-A001-701320797896}.Release|iPhone.Build.0 = Release|Any CPU
		{52956F50-1EE5-4132-A001-701320797896}.Release|iPhone.Deploy.0 = Release|Any CPU
		{52956F50-1EE5-4132-A001-701320797896}.Release|iPhoneSimulator.ActiveCfg = Release|Any CPU
		{52956F50-1EE5-4132-A001-701320797896}.Release|iPhoneSimulator.Build.0 = Release|Any CPU
		{52956F50-1EE5-4132-A001-701320797896}.Release|iPhoneSimulator.Deploy.0 = Release|Any CPU
		{52956F50-1EE5-4132-A001-701320797896}.Release|x64.ActiveCfg = Release|Any CPU
		{52956F50-1EE5-4132-A001-701320797896}.Release|x64.Build.0 = Release|Any CPU
		{52956F50-1EE5-4132-A001-701320797896}.Release|x64.Deploy.0 = Release|Any CPU
		{52956F50-1EE5-4132-A001-701320797896}.Release|x86.ActiveCfg = Release|x86
		{52956F50-1EE5-4132-A001-701320797896}.Release|x86.Build.0 = Release|x86
		{52956F50-1EE5-4132-A001-701320797896}.Release|x86.Deploy.0 = Release|x86
		{6B03E6E7-9C49-4CE4-AF5C-031A5E15DD89}.Ad-Hoc|Any CPU.ActiveCfg = Release|x86
		{6B03E6E7-9C49-4CE4-AF5C-031A5E15DD89}.Ad-Hoc|Any CPU.Build.0 = Release|x86
		{6B03E6E7-9C49-4CE4-AF5C-031A5E15DD89}.Ad-Hoc|Any CPU.Deploy.0 = Release|x86
		{6B03E6E7-9C49-4CE4-AF5C-031A5E15DD89}.Ad-Hoc|ARM.ActiveCfg = Release|ARM
		{6B03E6E7-9C49-4CE4-AF5C-031A5E15DD89}.Ad-Hoc|ARM.Build.0 = Release|ARM
		{6B03E6E7-9C49-4CE4-AF5C-031A5E15DD89}.Ad-Hoc|ARM.Deploy.0 = Release|ARM
		{6B03E6E7-9C49-4CE4-AF5C-031A5E15DD89}.Ad-Hoc|iPhone.ActiveCfg = Release|x86
		{6B03E6E7-9C49-4CE4-AF5C-031A5E15DD89}.Ad-Hoc|iPhone.Build.0 = Release|x86
		{6B03E6E7-9C49-4CE4-AF5C-031A5E15DD89}.Ad-Hoc|iPhone.Deploy.0 = Release|x86
		{6B03E6E7-9C49-4CE4-AF5C-031A5E15DD89}.Ad-Hoc|iPhoneSimulator.ActiveCfg = Release|x86
		{6B03E6E7-9C49-4CE4-AF5C-031A5E15DD89}.Ad-Hoc|iPhoneSimulator.Build.0 = Release|x86
		{6B03E6E7-9C49-4CE4-AF5C-031A5E15DD89}.Ad-Hoc|iPhoneSimulator.Deploy.0 = Release|x86
		{6B03E6E7-9C49-4CE4-AF5C-031A5E15DD89}.Ad-Hoc|x64.ActiveCfg = Release|x64
		{6B03E6E7-9C49-4CE4-AF5C-031A5E15DD89}.Ad-Hoc|x64.Build.0 = Release|x64
		{6B03E6E7-9C49-4CE4-AF5C-031A5E15DD89}.Ad-Hoc|x64.Deploy.0 = Release|x64
		{6B03E6E7-9C49-4CE4-AF5C-031A5E15DD89}.Ad-Hoc|x86.ActiveCfg = Release|x86
		{6B03E6E7-9C49-4CE4-AF5C-031A5E15DD89}.Ad-Hoc|x86.Build.0 = Release|x86
		{6B03E6E7-9C49-4CE4-AF5C-031A5E15DD89}.Ad-Hoc|x86.Deploy.0 = Release|x86
		{6B03E6E7-9C49-4CE4-AF5C-031A5E15DD89}.AppStore|Any CPU.ActiveCfg = Release|x86
		{6B03E6E7-9C49-4CE4-AF5C-031A5E15DD89}.AppStore|Any CPU.Build.0 = Release|x86
		{6B03E6E7-9C49-4CE4-AF5C-031A5E15DD89}.AppStore|Any CPU.Deploy.0 = Release|x86
		{6B03E6E7-9C49-4CE4-AF5C-031A5E15DD89}.AppStore|ARM.ActiveCfg = Release|ARM
		{6B03E6E7-9C49-4CE4-AF5C-031A5E15DD89}.AppStore|ARM.Build.0 = Release|ARM
		{6B03E6E7-9C49-4CE4-AF5C-031A5E15DD89}.AppStore|ARM.Deploy.0 = Release|ARM
		{6B03E6E7-9C49-4CE4-AF5C-031A5E15DD89}.AppStore|iPhone.ActiveCfg = Release|x86
		{6B03E6E7-9C49-4CE4-AF5C-031A5E15DD89}.AppStore|iPhone.Build.0 = Release|x86
		{6B03E6E7-9C49-4CE4-AF5C-031A5E15DD89}.AppStore|iPhone.Deploy.0 = Release|x86
		{6B03E6E7-9C49-4CE4-AF5C-031A5E15DD89}.AppStore|iPhoneSimulator.ActiveCfg = Release|x86
		{6B03E6E7-9C49-4CE4-AF5C-031A5E15DD89}.AppStore|iPhoneSimulator.Build.0 = Release|x86
		{6B03E6E7-9C49-4CE4-AF5C-031A5E15DD89}.AppStore|iPhoneSimulator.Deploy.0 = Release|x86
		{6B03E6E7-9C49-4CE4-AF5C-031A5E15DD89}.AppStore|x64.ActiveCfg = Release|x64
		{6B03E6E7-9C49-4CE4-AF5C-031A5E15DD89}.AppStore|x64.Build.0 = Release|x64
		{6B03E6E7-9C49-4CE4-AF5C-031A5E15DD89}.AppStore|x64.Deploy.0 = Release|x64
		{6B03E6E7-9C49-4CE4-AF5C-031A5E15DD89}.AppStore|x86.ActiveCfg = Release|x86
		{6B03E6E7-9C49-4CE4-AF5C-031A5E15DD89}.AppStore|x86.Build.0 = Release|x86
		{6B03E6E7-9C49-4CE4-AF5C-031A5E15DD89}.AppStore|x86.Deploy.0 = Release|x86
		{6B03E6E7-9C49-4CE4-AF5C-031A5E15DD89}.Debug|Any CPU.ActiveCfg = Debug|x86
		{6B03E6E7-9C49-4CE4-AF5C-031A5E15DD89}.Debug|ARM.ActiveCfg = Debug|ARM
		{6B03E6E7-9C49-4CE4-AF5C-031A5E15DD89}.Debug|ARM.Build.0 = Debug|ARM
		{6B03E6E7-9C49-4CE4-AF5C-031A5E15DD89}.Debug|ARM.Deploy.0 = Debug|ARM
		{6B03E6E7-9C49-4CE4-AF5C-031A5E15DD89}.Debug|iPhone.ActiveCfg = Debug|x86
		{6B03E6E7-9C49-4CE4-AF5C-031A5E15DD89}.Debug|iPhoneSimulator.ActiveCfg = Debug|x86
		{6B03E6E7-9C49-4CE4-AF5C-031A5E15DD89}.Debug|x64.ActiveCfg = Debug|x64
		{6B03E6E7-9C49-4CE4-AF5C-031A5E15DD89}.Debug|x64.Build.0 = Debug|x64
		{6B03E6E7-9C49-4CE4-AF5C-031A5E15DD89}.Debug|x64.Deploy.0 = Debug|x64
		{6B03E6E7-9C49-4CE4-AF5C-031A5E15DD89}.Debug|x86.ActiveCfg = Debug|x86
		{6B03E6E7-9C49-4CE4-AF5C-031A5E15DD89}.Debug|x86.Build.0 = Debug|x86
		{6B03E6E7-9C49-4CE4-AF5C-031A5E15DD89}.Debug|x86.Deploy.0 = Debug|x86
		{6B03E6E7-9C49-4CE4-AF5C-031A5E15DD89}.Release|Any CPU.ActiveCfg = Release|x86
		{6B03E6E7-9C49-4CE4-AF5C-031A5E15DD89}.Release|ARM.ActiveCfg = Release|ARM
		{6B03E6E7-9C49-4CE4-AF5C-031A5E15DD89}.Release|ARM.Build.0 = Release|ARM
		{6B03E6E7-9C49-4CE4-AF5C-031A5E15DD89}.Release|ARM.Deploy.0 = Release|ARM
		{6B03E6E7-9C49-4CE4-AF5C-031A5E15DD89}.Release|iPhone.ActiveCfg = Release|x86
		{6B03E6E7-9C49-4CE4-AF5C-031A5E15DD89}.Release|iPhoneSimulator.ActiveCfg = Release|x86
		{6B03E6E7-9C49-4CE4-AF5C-031A5E15DD89}.Release|x64.ActiveCfg = Release|x64
		{6B03E6E7-9C49-4CE4-AF5C-031A5E15DD89}.Release|x64.Build.0 = Release|x64
		{6B03E6E7-9C49-4CE4-AF5C-031A5E15DD89}.Release|x64.Deploy.0 = Release|x64
		{6B03E6E7-9C49-4CE4-AF5C-031A5E15DD89}.Release|x86.ActiveCfg = Release|x86
		{6B03E6E7-9C49-4CE4-AF5C-031A5E15DD89}.Release|x86.Build.0 = Release|x86
		{6B03E6E7-9C49-4CE4-AF5C-031A5E15DD89}.Release|x86.Deploy.0 = Release|x86
		{3A358B13-A9DC-47D3-9745-3FD2DBFA3B20}.Ad-Hoc|Any CPU.ActiveCfg = Release|Any CPU
		{3A358B13-A9DC-47D3-9745-3FD2DBFA3B20}.Ad-Hoc|Any CPU.Build.0 = Release|Any CPU
		{3A358B13-A9DC-47D3-9745-3FD2DBFA3B20}.Ad-Hoc|Any CPU.Deploy.0 = Release|Any CPU
		{3A358B13-A9DC-47D3-9745-3FD2DBFA3B20}.Ad-Hoc|ARM.ActiveCfg = Release|ARM
		{3A358B13-A9DC-47D3-9745-3FD2DBFA3B20}.Ad-Hoc|ARM.Build.0 = Release|ARM
		{3A358B13-A9DC-47D3-9745-3FD2DBFA3B20}.Ad-Hoc|ARM.Deploy.0 = Release|ARM
		{3A358B13-A9DC-47D3-9745-3FD2DBFA3B20}.Ad-Hoc|iPhone.ActiveCfg = Release|Any CPU
		{3A358B13-A9DC-47D3-9745-3FD2DBFA3B20}.Ad-Hoc|iPhone.Build.0 = Release|Any CPU
		{3A358B13-A9DC-47D3-9745-3FD2DBFA3B20}.Ad-Hoc|iPhone.Deploy.0 = Release|Any CPU
		{3A358B13-A9DC-47D3-9745-3FD2DBFA3B20}.Ad-Hoc|iPhoneSimulator.ActiveCfg = Release|Any CPU
		{3A358B13-A9DC-47D3-9745-3FD2DBFA3B20}.Ad-Hoc|iPhoneSimulator.Build.0 = Release|Any CPU
		{3A358B13-A9DC-47D3-9745-3FD2DBFA3B20}.Ad-Hoc|iPhoneSimulator.Deploy.0 = Release|Any CPU
		{3A358B13-A9DC-47D3-9745-3FD2DBFA3B20}.Ad-Hoc|x64.ActiveCfg = Release|x64
		{3A358B13-A9DC-47D3-9745-3FD2DBFA3B20}.Ad-Hoc|x64.Build.0 = Release|x64
		{3A358B13-A9DC-47D3-9745-3FD2DBFA3B20}.Ad-Hoc|x64.Deploy.0 = Release|x64
		{3A358B13-A9DC-47D3-9745-3FD2DBFA3B20}.Ad-Hoc|x86.ActiveCfg = Release|x86
		{3A358B13-A9DC-47D3-9745-3FD2DBFA3B20}.Ad-Hoc|x86.Build.0 = Release|x86
		{3A358B13-A9DC-47D3-9745-3FD2DBFA3B20}.Ad-Hoc|x86.Deploy.0 = Release|x86
		{3A358B13-A9DC-47D3-9745-3FD2DBFA3B20}.AppStore|Any CPU.ActiveCfg = Release|Any CPU
		{3A358B13-A9DC-47D3-9745-3FD2DBFA3B20}.AppStore|Any CPU.Build.0 = Release|Any CPU
		{3A358B13-A9DC-47D3-9745-3FD2DBFA3B20}.AppStore|Any CPU.Deploy.0 = Release|Any CPU
		{3A358B13-A9DC-47D3-9745-3FD2DBFA3B20}.AppStore|ARM.ActiveCfg = Release|ARM
		{3A358B13-A9DC-47D3-9745-3FD2DBFA3B20}.AppStore|ARM.Build.0 = Release|ARM
		{3A358B13-A9DC-47D3-9745-3FD2DBFA3B20}.AppStore|ARM.Deploy.0 = Release|ARM
		{3A358B13-A9DC-47D3-9745-3FD2DBFA3B20}.AppStore|iPhone.ActiveCfg = Release|Any CPU
		{3A358B13-A9DC-47D3-9745-3FD2DBFA3B20}.AppStore|iPhone.Build.0 = Release|Any CPU
		{3A358B13-A9DC-47D3-9745-3FD2DBFA3B20}.AppStore|iPhone.Deploy.0 = Release|Any CPU
		{3A358B13-A9DC-47D3-9745-3FD2DBFA3B20}.AppStore|iPhoneSimulator.ActiveCfg = Release|Any CPU
		{3A358B13-A9DC-47D3-9745-3FD2DBFA3B20}.AppStore|iPhoneSimulator.Build.0 = Release|Any CPU
		{3A358B13-A9DC-47D3-9745-3FD2DBFA3B20}.AppStore|iPhoneSimulator.Deploy.0 = Release|Any CPU
		{3A358B13-A9DC-47D3-9745-3FD2DBFA3B20}.AppStore|x64.ActiveCfg = Release|x64
		{3A358B13-A9DC-47D3-9745-3FD2DBFA3B20}.AppStore|x64.Build.0 = Release|x64
		{3A358B13-A9DC-47D3-9745-3FD2DBFA3B20}.AppStore|x64.Deploy.0 = Release|x64
		{3A358B13-A9DC-47D3-9745-3FD2DBFA3B20}.AppStore|x86.ActiveCfg = Release|x86
		{3A358B13-A9DC-47D3-9745-3FD2DBFA3B20}.AppStore|x86.Build.0 = Release|x86
		{3A358B13-A9DC-47D3-9745-3FD2DBFA3B20}.AppStore|x86.Deploy.0 = Release|x86
		{3A358B13-A9DC-47D3-9745-3FD2DBFA3B20}.Debug|Any CPU.ActiveCfg = Debug|Any CPU
		{3A358B13-A9DC-47D3-9745-3FD2DBFA3B20}.Debug|Any CPU.Build.0 = Debug|Any CPU
		{3A358B13-A9DC-47D3-9745-3FD2DBFA3B20}.Debug|Any CPU.Deploy.0 = Debug|Any CPU
		{3A358B13-A9DC-47D3-9745-3FD2DBFA3B20}.Debug|ARM.ActiveCfg = Debug|ARM
		{3A358B13-A9DC-47D3-9745-3FD2DBFA3B20}.Debug|ARM.Build.0 = Debug|ARM
		{3A358B13-A9DC-47D3-9745-3FD2DBFA3B20}.Debug|ARM.Deploy.0 = Debug|ARM
		{3A358B13-A9DC-47D3-9745-3FD2DBFA3B20}.Debug|iPhone.ActiveCfg = Debug|Any CPU
		{3A358B13-A9DC-47D3-9745-3FD2DBFA3B20}.Debug|iPhone.Build.0 = Debug|Any CPU
		{3A358B13-A9DC-47D3-9745-3FD2DBFA3B20}.Debug|iPhone.Deploy.0 = Debug|Any CPU
		{3A358B13-A9DC-47D3-9745-3FD2DBFA3B20}.Debug|iPhoneSimulator.ActiveCfg = Debug|Any CPU
		{3A358B13-A9DC-47D3-9745-3FD2DBFA3B20}.Debug|iPhoneSimulator.Build.0 = Debug|Any CPU
		{3A358B13-A9DC-47D3-9745-3FD2DBFA3B20}.Debug|iPhoneSimulator.Deploy.0 = Debug|Any CPU
		{3A358B13-A9DC-47D3-9745-3FD2DBFA3B20}.Debug|x64.ActiveCfg = Debug|x64
		{3A358B13-A9DC-47D3-9745-3FD2DBFA3B20}.Debug|x64.Build.0 = Debug|x64
		{3A358B13-A9DC-47D3-9745-3FD2DBFA3B20}.Debug|x64.Deploy.0 = Debug|x64
		{3A358B13-A9DC-47D3-9745-3FD2DBFA3B20}.Debug|x86.ActiveCfg = Debug|x86
		{3A358B13-A9DC-47D3-9745-3FD2DBFA3B20}.Debug|x86.Build.0 = Debug|x86
		{3A358B13-A9DC-47D3-9745-3FD2DBFA3B20}.Debug|x86.Deploy.0 = Debug|x86
		{3A358B13-A9DC-47D3-9745-3FD2DBFA3B20}.Release|Any CPU.ActiveCfg = Release|Any CPU
		{3A358B13-A9DC-47D3-9745-3FD2DBFA3B20}.Release|Any CPU.Build.0 = Release|Any CPU
		{3A358B13-A9DC-47D3-9745-3FD2DBFA3B20}.Release|Any CPU.Deploy.0 = Release|Any CPU
		{3A358B13-A9DC-47D3-9745-3FD2DBFA3B20}.Release|ARM.ActiveCfg = Release|ARM
		{3A358B13-A9DC-47D3-9745-3FD2DBFA3B20}.Release|ARM.Build.0 = Release|ARM
		{3A358B13-A9DC-47D3-9745-3FD2DBFA3B20}.Release|ARM.Deploy.0 = Release|ARM
		{3A358B13-A9DC-47D3-9745-3FD2DBFA3B20}.Release|iPhone.ActiveCfg = Release|Any CPU
		{3A358B13-A9DC-47D3-9745-3FD2DBFA3B20}.Release|iPhone.Build.0 = Release|Any CPU
		{3A358B13-A9DC-47D3-9745-3FD2DBFA3B20}.Release|iPhone.Deploy.0 = Release|Any CPU
		{3A358B13-A9DC-47D3-9745-3FD2DBFA3B20}.Release|iPhoneSimulator.ActiveCfg = Release|Any CPU
		{3A358B13-A9DC-47D3-9745-3FD2DBFA3B20}.Release|iPhoneSimulator.Build.0 = Release|Any CPU
		{3A358B13-A9DC-47D3-9745-3FD2DBFA3B20}.Release|iPhoneSimulator.Deploy.0 = Release|Any CPU
		{3A358B13-A9DC-47D3-9745-3FD2DBFA3B20}.Release|x64.ActiveCfg = Release|x64
		{3A358B13-A9DC-47D3-9745-3FD2DBFA3B20}.Release|x64.Build.0 = Release|x64
		{3A358B13-A9DC-47D3-9745-3FD2DBFA3B20}.Release|x64.Deploy.0 = Release|x64
		{3A358B13-A9DC-47D3-9745-3FD2DBFA3B20}.Release|x86.ActiveCfg = Release|x86
		{3A358B13-A9DC-47D3-9745-3FD2DBFA3B20}.Release|x86.Build.0 = Release|x86
		{3A358B13-A9DC-47D3-9745-3FD2DBFA3B20}.Release|x86.Deploy.0 = Release|x86
		{0FE9373C-808E-4388-9A33-0F8C0B06D004}.Ad-Hoc|Any CPU.ActiveCfg = Release|Any CPU
		{0FE9373C-808E-4388-9A33-0F8C0B06D004}.Ad-Hoc|Any CPU.Build.0 = Release|Any CPU
		{0FE9373C-808E-4388-9A33-0F8C0B06D004}.Ad-Hoc|ARM.ActiveCfg = Release|Any CPU
		{0FE9373C-808E-4388-9A33-0F8C0B06D004}.Ad-Hoc|ARM.Build.0 = Release|Any CPU
		{0FE9373C-808E-4388-9A33-0F8C0B06D004}.Ad-Hoc|iPhone.ActiveCfg = Release|Any CPU
		{0FE9373C-808E-4388-9A33-0F8C0B06D004}.Ad-Hoc|iPhone.Build.0 = Release|Any CPU
		{0FE9373C-808E-4388-9A33-0F8C0B06D004}.Ad-Hoc|iPhoneSimulator.ActiveCfg = Release|Any CPU
		{0FE9373C-808E-4388-9A33-0F8C0B06D004}.Ad-Hoc|iPhoneSimulator.Build.0 = Release|Any CPU
		{0FE9373C-808E-4388-9A33-0F8C0B06D004}.Ad-Hoc|x64.ActiveCfg = Release|Any CPU
		{0FE9373C-808E-4388-9A33-0F8C0B06D004}.Ad-Hoc|x64.Build.0 = Release|Any CPU
		{0FE9373C-808E-4388-9A33-0F8C0B06D004}.Ad-Hoc|x86.ActiveCfg = Release|Any CPU
		{0FE9373C-808E-4388-9A33-0F8C0B06D004}.Ad-Hoc|x86.Build.0 = Release|Any CPU
		{0FE9373C-808E-4388-9A33-0F8C0B06D004}.AppStore|Any CPU.ActiveCfg = Release|Any CPU
		{0FE9373C-808E-4388-9A33-0F8C0B06D004}.AppStore|Any CPU.Build.0 = Release|Any CPU
		{0FE9373C-808E-4388-9A33-0F8C0B06D004}.AppStore|ARM.ActiveCfg = Release|Any CPU
		{0FE9373C-808E-4388-9A33-0F8C0B06D004}.AppStore|ARM.Build.0 = Release|Any CPU
		{0FE9373C-808E-4388-9A33-0F8C0B06D004}.AppStore|iPhone.ActiveCfg = Release|Any CPU
		{0FE9373C-808E-4388-9A33-0F8C0B06D004}.AppStore|iPhone.Build.0 = Release|Any CPU
		{0FE9373C-808E-4388-9A33-0F8C0B06D004}.AppStore|iPhoneSimulator.ActiveCfg = Release|Any CPU
		{0FE9373C-808E-4388-9A33-0F8C0B06D004}.AppStore|iPhoneSimulator.Build.0 = Release|Any CPU
		{0FE9373C-808E-4388-9A33-0F8C0B06D004}.AppStore|x64.ActiveCfg = Release|Any CPU
		{0FE9373C-808E-4388-9A33-0F8C0B06D004}.AppStore|x64.Build.0 = Release|Any CPU
		{0FE9373C-808E-4388-9A33-0F8C0B06D004}.AppStore|x86.ActiveCfg = Release|Any CPU
		{0FE9373C-808E-4388-9A33-0F8C0B06D004}.AppStore|x86.Build.0 = Release|Any CPU
		{0FE9373C-808E-4388-9A33-0F8C0B06D004}.Debug|Any CPU.ActiveCfg = Debug|Any CPU
		{0FE9373C-808E-4388-9A33-0F8C0B06D004}.Debug|Any CPU.Build.0 = Debug|Any CPU
		{0FE9373C-808E-4388-9A33-0F8C0B06D004}.Debug|ARM.ActiveCfg = Debug|Any CPU
		{0FE9373C-808E-4388-9A33-0F8C0B06D004}.Debug|ARM.Build.0 = Debug|Any CPU
		{0FE9373C-808E-4388-9A33-0F8C0B06D004}.Debug|iPhone.ActiveCfg = Debug|Any CPU
		{0FE9373C-808E-4388-9A33-0F8C0B06D004}.Debug|iPhone.Build.0 = Debug|Any CPU
		{0FE9373C-808E-4388-9A33-0F8C0B06D004}.Debug|iPhoneSimulator.ActiveCfg = Debug|Any CPU
		{0FE9373C-808E-4388-9A33-0F8C0B06D004}.Debug|iPhoneSimulator.Build.0 = Debug|Any CPU
		{0FE9373C-808E-4388-9A33-0F8C0B06D004}.Debug|x64.ActiveCfg = Debug|Any CPU
		{0FE9373C-808E-4388-9A33-0F8C0B06D004}.Debug|x64.Build.0 = Debug|Any CPU
		{0FE9373C-808E-4388-9A33-0F8C0B06D004}.Debug|x86.ActiveCfg = Debug|Any CPU
		{0FE9373C-808E-4388-9A33-0F8C0B06D004}.Debug|x86.Build.0 = Debug|Any CPU
		{0FE9373C-808E-4388-9A33-0F8C0B06D004}.Release|Any CPU.ActiveCfg = Release|Any CPU
		{0FE9373C-808E-4388-9A33-0F8C0B06D004}.Release|Any CPU.Build.0 = Release|Any CPU
		{0FE9373C-808E-4388-9A33-0F8C0B06D004}.Release|ARM.ActiveCfg = Release|Any CPU
		{0FE9373C-808E-4388-9A33-0F8C0B06D004}.Release|ARM.Build.0 = Release|Any CPU
		{0FE9373C-808E-4388-9A33-0F8C0B06D004}.Release|iPhone.ActiveCfg = Release|Any CPU
		{0FE9373C-808E-4388-9A33-0F8C0B06D004}.Release|iPhone.Build.0 = Release|Any CPU
		{0FE9373C-808E-4388-9A33-0F8C0B06D004}.Release|iPhoneSimulator.ActiveCfg = Release|Any CPU
		{0FE9373C-808E-4388-9A33-0F8C0B06D004}.Release|iPhoneSimulator.Build.0 = Release|Any CPU
		{0FE9373C-808E-4388-9A33-0F8C0B06D004}.Release|x64.ActiveCfg = Release|Any CPU
		{0FE9373C-808E-4388-9A33-0F8C0B06D004}.Release|x64.Build.0 = Release|Any CPU
		{0FE9373C-808E-4388-9A33-0F8C0B06D004}.Release|x86.ActiveCfg = Release|Any CPU
		{0FE9373C-808E-4388-9A33-0F8C0B06D004}.Release|x86.Build.0 = Release|Any CPU
		{D7E84DCC-26DA-48FA-87AB-980E8B412792}.Ad-Hoc|Any CPU.ActiveCfg = Release|Any CPU
		{D7E84DCC-26DA-48FA-87AB-980E8B412792}.Ad-Hoc|Any CPU.Build.0 = Release|Any CPU
		{D7E84DCC-26DA-48FA-87AB-980E8B412792}.Ad-Hoc|ARM.ActiveCfg = Release|ARM
		{D7E84DCC-26DA-48FA-87AB-980E8B412792}.Ad-Hoc|ARM.Build.0 = Release|ARM
		{D7E84DCC-26DA-48FA-87AB-980E8B412792}.Ad-Hoc|iPhone.ActiveCfg = Release|Any CPU
		{D7E84DCC-26DA-48FA-87AB-980E8B412792}.Ad-Hoc|iPhone.Build.0 = Release|Any CPU
		{D7E84DCC-26DA-48FA-87AB-980E8B412792}.Ad-Hoc|iPhoneSimulator.ActiveCfg = Release|Any CPU
		{D7E84DCC-26DA-48FA-87AB-980E8B412792}.Ad-Hoc|iPhoneSimulator.Build.0 = Release|Any CPU
		{D7E84DCC-26DA-48FA-87AB-980E8B412792}.Ad-Hoc|x64.ActiveCfg = Release|x64
		{D7E84DCC-26DA-48FA-87AB-980E8B412792}.Ad-Hoc|x64.Build.0 = Release|x64
		{D7E84DCC-26DA-48FA-87AB-980E8B412792}.Ad-Hoc|x86.ActiveCfg = Release|x86
		{D7E84DCC-26DA-48FA-87AB-980E8B412792}.Ad-Hoc|x86.Build.0 = Release|x86
		{D7E84DCC-26DA-48FA-87AB-980E8B412792}.AppStore|Any CPU.ActiveCfg = Release|Any CPU
		{D7E84DCC-26DA-48FA-87AB-980E8B412792}.AppStore|Any CPU.Build.0 = Release|Any CPU
		{D7E84DCC-26DA-48FA-87AB-980E8B412792}.AppStore|ARM.ActiveCfg = Release|ARM
		{D7E84DCC-26DA-48FA-87AB-980E8B412792}.AppStore|ARM.Build.0 = Release|ARM
		{D7E84DCC-26DA-48FA-87AB-980E8B412792}.AppStore|iPhone.ActiveCfg = Release|Any CPU
		{D7E84DCC-26DA-48FA-87AB-980E8B412792}.AppStore|iPhone.Build.0 = Release|Any CPU
		{D7E84DCC-26DA-48FA-87AB-980E8B412792}.AppStore|iPhoneSimulator.ActiveCfg = Release|Any CPU
		{D7E84DCC-26DA-48FA-87AB-980E8B412792}.AppStore|iPhoneSimulator.Build.0 = Release|Any CPU
		{D7E84DCC-26DA-48FA-87AB-980E8B412792}.AppStore|x64.ActiveCfg = Release|x64
		{D7E84DCC-26DA-48FA-87AB-980E8B412792}.AppStore|x64.Build.0 = Release|x64
		{D7E84DCC-26DA-48FA-87AB-980E8B412792}.AppStore|x86.ActiveCfg = Release|x86
		{D7E84DCC-26DA-48FA-87AB-980E8B412792}.AppStore|x86.Build.0 = Release|x86
		{D7E84DCC-26DA-48FA-87AB-980E8B412792}.Debug|Any CPU.ActiveCfg = Debug|Any CPU
		{D7E84DCC-26DA-48FA-87AB-980E8B412792}.Debug|Any CPU.Build.0 = Debug|Any CPU
		{D7E84DCC-26DA-48FA-87AB-980E8B412792}.Debug|ARM.ActiveCfg = Debug|ARM
		{D7E84DCC-26DA-48FA-87AB-980E8B412792}.Debug|ARM.Build.0 = Debug|ARM
		{D7E84DCC-26DA-48FA-87AB-980E8B412792}.Debug|iPhone.ActiveCfg = Debug|Any CPU
		{D7E84DCC-26DA-48FA-87AB-980E8B412792}.Debug|iPhone.Build.0 = Debug|Any CPU
		{D7E84DCC-26DA-48FA-87AB-980E8B412792}.Debug|iPhoneSimulator.ActiveCfg = Debug|Any CPU
		{D7E84DCC-26DA-48FA-87AB-980E8B412792}.Debug|iPhoneSimulator.Build.0 = Debug|Any CPU
		{D7E84DCC-26DA-48FA-87AB-980E8B412792}.Debug|x64.ActiveCfg = Debug|x64
		{D7E84DCC-26DA-48FA-87AB-980E8B412792}.Debug|x64.Build.0 = Debug|x64
		{D7E84DCC-26DA-48FA-87AB-980E8B412792}.Debug|x86.ActiveCfg = Debug|x86
		{D7E84DCC-26DA-48FA-87AB-980E8B412792}.Debug|x86.Build.0 = Debug|x86
		{D7E84DCC-26DA-48FA-87AB-980E8B412792}.Release|Any CPU.ActiveCfg = Release|Any CPU
		{D7E84DCC-26DA-48FA-87AB-980E8B412792}.Release|Any CPU.Build.0 = Release|Any CPU
		{D7E84DCC-26DA-48FA-87AB-980E8B412792}.Release|ARM.ActiveCfg = Release|ARM
		{D7E84DCC-26DA-48FA-87AB-980E8B412792}.Release|ARM.Build.0 = Release|ARM
		{D7E84DCC-26DA-48FA-87AB-980E8B412792}.Release|iPhone.ActiveCfg = Release|Any CPU
		{D7E84DCC-26DA-48FA-87AB-980E8B412792}.Release|iPhone.Build.0 = Release|Any CPU
		{D7E84DCC-26DA-48FA-87AB-980E8B412792}.Release|iPhoneSimulator.ActiveCfg = Release|Any CPU
		{D7E84DCC-26DA-48FA-87AB-980E8B412792}.Release|iPhoneSimulator.Build.0 = Release|Any CPU
		{D7E84DCC-26DA-48FA-87AB-980E8B412792}.Release|x64.ActiveCfg = Release|x64
		{D7E84DCC-26DA-48FA-87AB-980E8B412792}.Release|x64.Build.0 = Release|x64
		{D7E84DCC-26DA-48FA-87AB-980E8B412792}.Release|x86.ActiveCfg = Release|x86
		{D7E84DCC-26DA-48FA-87AB-980E8B412792}.Release|x86.Build.0 = Release|x86
	EndGlobalSection
	GlobalSection(SolutionProperties) = preSolution
		HideSolutionNode = FALSE
	EndGlobalSection
EndGlobal
